{
  "version": 4,
  "terraform_version": "1.1.7",
  "serial": 49,
  "lineage": "83a02e15-f9c2-4b08-e0dd-9bdea1542631",
  "outputs": {},
  "resources": [
    {
      "mode": "data",
      "type": "azurerm_client_config",
      "name": "current",
      "provider": "provider[\"registry.terraform.io/hashicorp/azurerm\"]",
      "instances": [
        {
          "schema_version": 0,
          "attributes": {
            "client_id": "04b07795-8ddb-461a-bbee-02f9e1bf7b46",
            "id": "Y2xpZW50Q29uZmlncy9jbGllbnRJZD0wNGIwNzc5NS04ZGRiLTQ2MWEtYmJlZS0wMmY5ZTFiZjdiNDY7b2JqZWN0SWQ9MjhiYzZlYTMtMDU0Yi00MTIxLTkzYTYtNWQ3MTQ0OThjM2UwO3N1YnNjcmlwdGlvbklkPWZhNDUzNWE2LWYwYWItNGE4Zi1iZTE0LTAyNjJhZjM5YzFmNzt0ZW5hbnRJZD1kYmQ2NjY0ZC00ZWI5LTQ2ZWItOTlkOC01YzQzYmExNTNjNjE=",
            "object_id": "28bc6ea3-054b-4121-93a6-5d714498c3e0",
            "subscription_id": "fa4535a6-f0ab-4a8f-be14-0262af39c1f7",
            "tenant_id": "dbd6664d-4eb9-46eb-99d8-5c43ba153c61",
            "timeouts": null
          },
          "sensitive_attributes": []
        }
      ]
    },
    {
      "mode": "managed",
      "type": "azurerm_bastion_host",
      "name": "example",
      "provider": "provider[\"registry.terraform.io/hashicorp/azurerm\"]",
      "instances": []
    },
    {
      "mode": "managed",
      "type": "azurerm_container_registry",
      "name": "example",
      "provider": "provider[\"registry.terraform.io/hashicorp/azurerm\"]",
      "instances": [
        {
          "schema_version": 2,
          "attributes": {
            "admin_enabled": false,
            "admin_password": "",
            "admin_username": "",
            "anonymous_pull_enabled": false,
            "data_endpoint_enabled": false,
            "encryption": [
              {
                "enabled": false,
                "identity_client_id": "",
                "key_vault_key_id": ""
              }
            ],
            "export_policy_enabled": true,
            "georeplications": [],
            "id": "/subscriptions/fa4535a6-f0ab-4a8f-be14-0262af39c1f7/resourceGroups/the-book-boutique-rg/providers/Microsoft.ContainerRegistry/registries/shathacodes",
            "identity": [],
            "location": "eastus",
            "login_server": "shathacodes.azurecr.io",
            "name": "shathacodes",
            "network_rule_bypass_option": "AzureServices",
            "network_rule_set": [],
            "public_network_access_enabled": true,
            "quarantine_policy_enabled": false,
            "resource_group_name": "the-book-boutique-rg",
            "retention_policy": [
              {
                "days": 7,
                "enabled": false
              }
            ],
            "sku": "Basic",
            "tags": {},
            "timeouts": null,
            "trust_policy": [
              {
                "enabled": false
              }
            ],
            "zone_redundancy_enabled": false
          },
          "sensitive_attributes": [],
          "private": "eyJlMmJmYjczMC1lY2FhLTExZTYtOGY4OC0zNDM2M2JjN2M0YzAiOnsiY3JlYXRlIjoxODAwMDAwMDAwMDAwLCJkZWxldGUiOjE4MDAwMDAwMDAwMDAsInJlYWQiOjMwMDAwMDAwMDAwMCwidXBkYXRlIjoxODAwMDAwMDAwMDAwfSwic2NoZW1hX3ZlcnNpb24iOiIyIn0=",
          "dependencies": [
            "azurerm_resource_group.example"
          ]
        }
      ]
    },
    {
      "mode": "managed",
      "type": "azurerm_container_registry_task",
      "name": "example",
      "provider": "provider[\"registry.terraform.io/hashicorp/azurerm\"]",
      "instances": [
        {
          "schema_version": 0,
          "attributes": {
            "agent_pool_name": "",
            "agent_setting": [],
            "base_image_trigger": [],
            "container_registry_id": "/subscriptions/fa4535a6-f0ab-4a8f-be14-0262af39c1f7/resourceGroups/the-book-boutique-rg/providers/Microsoft.ContainerRegistry/registries/shathacodes",
            "docker_step": [
              {
                "arguments": {},
                "cache_enabled": true,
                "context_access_token": "hdjlzx5ejz63wmt3y2ksyf4x7khoyambqqpm4kx6l2ttvmjmuzfa",
                "context_path": "https://dev.azure.com/youssefelleuch/_git/the-book-boutique#main",
                "dockerfile_path": "Front/Dockerfile",
                "image_names": [
                  "bookshopfront:cloud"
                ],
                "push_enabled": true,
                "secret_arguments": {},
                "target": ""
              }
            ],
            "enabled": true,
            "encoded_step": [],
            "file_step": [],
            "id": "/subscriptions/fa4535a6-f0ab-4a8f-be14-0262af39c1f7/resourceGroups/the-book-boutique-rg/providers/Microsoft.ContainerRegistry/registries/shathacodes/tasks/the-book-boutique-task",
            "identity": [],
            "is_system_task": false,
            "log_template": "",
            "name": "the-book-boutique-task",
            "platform": [
              {
                "architecture": "",
                "os": "Linux",
                "variant": ""
              }
            ],
            "registry_credential": [],
            "source_trigger": [],
            "tags": {},
            "timeout_in_seconds": 3600,
            "timeouts": null,
            "timer_trigger": []
          },
          "sensitive_attributes": [],
          "private": "eyJlMmJmYjczMC1lY2FhLTExZTYtOGY4OC0zNDM2M2JjN2M0YzAiOnsiY3JlYXRlIjoxODAwMDAwMDAwMDAwLCJkZWxldGUiOjE4MDAwMDAwMDAwMDAsInJlYWQiOjMwMDAwMDAwMDAwMCwidXBkYXRlIjoxODAwMDAwMDAwMDAwfX0=",
          "dependencies": [
            "azurerm_container_registry.example",
            "azurerm_resource_group.example"
          ]
        }
      ]
    },
    {
      "mode": "managed",
      "type": "azurerm_container_registry_task_schedule_run_now",
      "name": "example",
      "provider": "provider[\"registry.terraform.io/hashicorp/azurerm\"]",
      "instances": [
        {
          "schema_version": 0,
          "attributes": {
            "container_registry_task_id": "/subscriptions/fa4535a6-f0ab-4a8f-be14-0262af39c1f7/resourceGroups/the-book-boutique-rg/providers/Microsoft.ContainerRegistry/registries/shathacodes/tasks/the-book-boutique-task",
            "id": "/subscriptions/fa4535a6-f0ab-4a8f-be14-0262af39c1f7/resourceGroups/the-book-boutique-rg/providers/Microsoft.ContainerRegistry/registries/shathacodes/tasks/the-book-boutique-task/schedule/schedule",
            "timeouts": null
          },
          "sensitive_attributes": [],
          "private": "eyJlMmJmYjczMC1lY2FhLTExZTYtOGY4OC0zNDM2M2JjN2M0YzAiOnsiY3JlYXRlIjoxODAwMDAwMDAwMDAwLCJkZWxldGUiOjE4MDAwMDAwMDAwMDAsInJlYWQiOjMwMDAwMDAwMDAwMH19",
          "dependencies": [
            "azurerm_container_registry.example",
            "azurerm_container_registry_task.example",
            "azurerm_resource_group.example"
          ]
        }
      ]
    },
    {
      "mode": "managed",
      "type": "azurerm_key_vault",
      "name": "kv_account",
      "provider": "provider[\"registry.terraform.io/hashicorp/azurerm\"]",
      "instances": [
        {
          "schema_version": 2,
          "attributes": {
            "access_policy": [
              {
                "application_id": "",
                "certificate_permissions": [],
                "key_permissions": [],
                "object_id": "28bc6ea3-054b-4121-93a6-5d714498c3e0",
                "secret_permissions": [
                  "Get",
                  "List",
                  "Set",
                  "Purge",
                  "Delete"
                ],
                "storage_permissions": [],
                "tenant_id": "dbd6664d-4eb9-46eb-99d8-5c43ba153c61"
              }
            ],
            "contact": [],
            "enable_rbac_authorization": false,
            "enabled_for_deployment": false,
            "enabled_for_disk_encryption": true,
            "enabled_for_template_deployment": false,
            "id": "/subscriptions/fa4535a6-f0ab-4a8f-be14-0262af39c1f7/resourceGroups/the-book-boutique-rg/providers/Microsoft.KeyVault/vaults/the-book-boutique-kv",
            "location": "eastus",
            "name": "the-book-boutique-kv",
            "network_acls": [
              {
                "bypass": "AzureServices",
                "default_action": "Allow",
                "ip_rules": [],
                "virtual_network_subnet_ids": []
              }
            ],
            "public_network_access_enabled": true,
            "purge_protection_enabled": false,
            "resource_group_name": "the-book-boutique-rg",
            "sku_name": "standard",
            "soft_delete_retention_days": 7,
            "tags": {
              "terraform": "true"
            },
            "tenant_id": "dbd6664d-4eb9-46eb-99d8-5c43ba153c61",
            "timeouts": null,
            "vault_uri": "https://the-book-boutique-kv.vault.azure.net/"
          },
          "sensitive_attributes": [],
          "private": "eyJlMmJmYjczMC1lY2FhLTExZTYtOGY4OC0zNDM2M2JjN2M0YzAiOnsiY3JlYXRlIjoxODAwMDAwMDAwMDAwLCJkZWxldGUiOjE4MDAwMDAwMDAwMDAsInJlYWQiOjMwMDAwMDAwMDAwMCwidXBkYXRlIjoxODAwMDAwMDAwMDAwfSwic2NoZW1hX3ZlcnNpb24iOiIyIn0=",
          "dependencies": [
            "azurerm_resource_group.example",
            "data.azurerm_client_config.current"
          ]
        }
      ]
    },
    {
      "mode": "managed",
      "type": "azurerm_key_vault_secret",
      "name": "kv",
      "provider": "provider[\"registry.terraform.io/hashicorp/azurerm\"]",
      "instances": [
        {
          "schema_version": 0,
          "attributes": {
            "content_type": "",
            "expiration_date": null,
            "id": "https://the-book-boutique-kv.vault.azure.net/secrets/usernamedb/c9d4763206124aef86a77ac3436dd64d",
            "key_vault_id": "/subscriptions/fa4535a6-f0ab-4a8f-be14-0262af39c1f7/resourceGroups/the-book-boutique-rg/providers/Microsoft.KeyVault/vaults/the-book-boutique-kv",
            "name": "usernamedb",
            "not_before_date": null,
            "resource_id": "/subscriptions/fa4535a6-f0ab-4a8f-be14-0262af39c1f7/resourceGroups/the-book-boutique-rg/providers/Microsoft.KeyVault/vaults/the-book-boutique-kv/secrets/usernamedb/versions/c9d4763206124aef86a77ac3436dd64d",
            "resource_versionless_id": "/subscriptions/fa4535a6-f0ab-4a8f-be14-0262af39c1f7/resourceGroups/the-book-boutique-rg/providers/Microsoft.KeyVault/vaults/the-book-boutique-kv/secrets/usernamedb",
            "tags": {},
            "timeouts": null,
            "value": "shatha",
            "version": "c9d4763206124aef86a77ac3436dd64d",
            "versionless_id": "https://the-book-boutique-kv.vault.azure.net/secrets/usernamedb"
          },
          "sensitive_attributes": [],
          "private": "eyJlMmJmYjczMC1lY2FhLTExZTYtOGY4OC0zNDM2M2JjN2M0YzAiOnsiY3JlYXRlIjoxODAwMDAwMDAwMDAwLCJkZWxldGUiOjE4MDAwMDAwMDAwMDAsInJlYWQiOjE4MDAwMDAwMDAwMDAsInVwZGF0ZSI6MTgwMDAwMDAwMDAwMH19",
          "dependencies": [
            "azurerm_key_vault.kv_account",
            "azurerm_resource_group.example",
            "data.azurerm_client_config.current"
          ]
        }
      ]
    },
    {
      "mode": "managed",
      "type": "azurerm_kubernetes_cluster",
      "name": "app",
      "provider": "provider[\"registry.terraform.io/hashicorp/azurerm\"]",
      "instances": [
        {
          "schema_version": 2,
          "attributes": {
            "aci_connector_linux": [],
            "api_server_authorized_ip_ranges": null,
            "auto_scaler_profile": [],
            "automatic_channel_upgrade": "",
            "azure_active_directory_role_based_access_control": [],
            "azure_policy_enabled": null,
            "default_node_pool": [
              {
                "capacity_reservation_group_id": "",
                "enable_auto_scaling": false,
                "enable_host_encryption": false,
                "enable_node_public_ip": false,
                "fips_enabled": false,
                "host_group_id": "",
                "kubelet_config": [],
                "kubelet_disk_type": "OS",
                "linux_os_config": [],
                "max_count": 0,
                "max_pods": 110,
                "message_of_the_day": "",
                "min_count": 0,
                "name": "default",
                "node_count": 1,
                "node_labels": {},
                "node_public_ip_prefix_id": "",
                "node_taints": [],
                "only_critical_addons_enabled": false,
                "orchestrator_version": "1.23.12",
                "os_disk_size_gb": 128,
                "os_disk_type": "Managed",
                "os_sku": "Ubuntu",
                "pod_subnet_id": "",
                "proximity_placement_group_id": "",
                "scale_down_mode": "Delete",
                "tags": {},
                "type": "VirtualMachineScaleSets",
                "ultra_ssd_enabled": false,
                "upgrade_settings": [],
                "vm_size": "Standard_D2_v2",
                "vnet_subnet_id": "/subscriptions/fa4535a6-f0ab-4a8f-be14-0262af39c1f7/resourceGroups/the-book-boutique-rg/providers/Microsoft.Network/virtualNetworks/the-book-boutique-vnet/subnets/aks_subnet",
                "workload_runtime": "",
                "zones": []
              }
            ],
            "disk_encryption_set_id": "",
            "dns_prefix": "appaks",
            "dns_prefix_private_cluster": "",
            "edge_zone": "",
            "enable_pod_security_policy": false,
            "fqdn": "appaks-e309f0ce.hcp.eastus.azmk8s.io",
            "http_application_routing_enabled": null,
            "http_application_routing_zone_name": null,
            "http_proxy_config": [],
            "id": "/subscriptions/fa4535a6-f0ab-4a8f-be14-0262af39c1f7/resourceGroups/the-book-boutique-rg/providers/Microsoft.ContainerService/managedClusters/the-book-boutique-aks",
            "identity": [
              {
                "identity_ids": [],
                "principal_id": "b3688253-2ac6-42ea-b393-1acc468069fa",
                "tenant_id": "dbd6664d-4eb9-46eb-99d8-5c43ba153c61",
                "type": "SystemAssigned"
              }
            ],
            "ingress_application_gateway": [],
            "key_vault_secrets_provider": [],
            "kube_admin_config": [],
            "kube_admin_config_raw": "",
            "kube_config": [
              {
                "client_certificate": "LS0tLS1CRUdJTiBDRVJUSUZJQ0FURS0tLS0tCk1JSUZIVENDQXdXZ0F3SUJBZ0lRUEY4WElzZ3YvSXM0QWpROU0xRGRMekFOQmdrcWhraUc5dzBCQVFzRkFEQU4KTVFzd0NRWURWUVFERXdKallUQWVGdzB5TWpFeU1UVXdOakEzTUROYUZ3MHlOREV5TVRVd05qRTNNRE5hTURBeApGekFWQmdOVkJBb1REbk41YzNSbGJUcHRZWE4wWlhKek1SVXdFd1lEVlFRREV3eHRZWE4wWlhKamJHbGxiblF3CmdnSWlNQTBHQ1NxR1NJYjNEUUVCQVFVQUE0SUNEd0F3Z2dJS0FvSUNBUURFdnBaekZ4Tk1nL2ZyMUZ2NE91Z0gKSE9mVmZyY2hRckJyYlhyaXczWGkrQ245MU9RbzB4bWhlSUIrcTZCNmQrWUplVE5BRUk0SXRGc2FZZFc2ekhqRApwSlROZ0JKOUsvYlBqT3FjT2YycUZXZGNFOUFXa2VWWlJubGJNM3RRNURrOEZPeTNCbmJjeGs3blNqcGNlak5RCnBTR052M3YrYUJhSUxTc3crQVVFeVlKSERhK0Z2OFoxU2NVV3gveDZrR1c2aDdDY2ltb0l4ZjVnQ0lkNzF4SVcKQ3djOE56Vk93QVRaR1FreGpmZ3FkZzY3SXNqRG55Y2NMc3QyQnNReUJLR2wva0R5a01obS9oUG81RkhHa0xxeApPcW0zYUVUTjF4R1l6cmlnV0lOWFc3TEJselRkZWRBL2Q5eWQ0ZjV3R0RYdlpmRzduL0FHT0tYbU12ejRDNlJ2CkJ1VEh6SmFiUU4wNTJTaW8wZjVVVVhmQlhBaEw3bGNLKzBEVStiQ3E1Ty83Z3VSTTlxL0RtQ1JTMFg2eGZqMEMKRDVJMWNnRzNndzNUTGpTaEZZaU93NktxUEMzeHFldm1NZzZ6THd5VXJkOFNXd2VWcnQyK0EvUTVLZUNSWXI2SwpiemMzVXpOT0VWckNOU3M4bzdTdER3ZWtwVGt2cWNxNUoreWFJc0pkMFo4UXVjcDhNOThlWk52WVJqQWt1S3RwCmNrYTgxS2xETlhYTVIxck1xOFRkcFhpTGRmMkZDNHRPZDVFazNMSks5RElZbE5uZnNHbXBLTGk0Mm9ZcXRGbFoKL3NxYVdhVjRheWNjcEFjN2x6YlFtVU9nVG9KRzRSMkpSMTBJOStpR2d3STZHbi9DaS9HcUZzZ2ZCZ3Rab3dIZQpKR1Zzbk5wN3lzcnM1NDVHdTc5SVN3SURBUUFCbzFZd1ZEQU9CZ05WSFE4QkFmOEVCQU1DQmFBd0V3WURWUjBsCkJBd3dDZ1lJS3dZQkJRVUhBd0l3REFZRFZSMFRBUUgvQkFJd0FEQWZCZ05WSFNNRUdEQVdnQlJ1eUd4NnBYLzAKb3hUbHUyQ01NbHhlbnFPVDZqQU5CZ2txaGtpRzl3MEJBUXNGQUFPQ0FnRUFQMk9hd2xYd3QxeHAvQkhFKy9abAp3WmVjN3RjRXJzbWZPa001UG8rRmgxZlRXaTV6WmcyN3JkcGxsRjJVS1h6dnhvK0JTVWpBR1pVQTltOENSbWh1CnhhM1FrNE0yd3BjL1pmaC9QUlN4MlJrMmVjeFZUV2pHVFFBRkNBeU5xU0oraWNSbGlNUFBWRVNXS0k5UmQ1ankKR3VRQy9OaitINVV4QzJhdWpEWlpNK1l6YlAvNjR1dGIyTDg2WFlYdVZjMzVMeDI2SUVFSExsTWZxUnhTZ2JnSgphZk9kTWd4L2JSMW9LT0dBb0ZKUjlTdHBKL28wRjlicW8yblV3b2pYR0o5dUdvY01UZFlHeW5KeHRCWXRJcGZoClI2THFEZFNFSHR1bVo3Y2RJeENpUDNoais2UDZVR1JTWEJQUnExc3hoYWtzUUNZcnRYeTRPNTdBbEovU0ZETVAKL3kyVnV0bHhDb0h4NFZDM3RTQitLUDYySjc5L095czUycDZFbWlEbk9BK3NIVWFESWpaMUZHd0lZcS9LWGVvYgoranZaN0NzOUcxb2MvcVFkWDlyYUV5MEo3R2YyaTB6K0tZbVduUGllR042bDc1UklVeG5OREZrZ3pCTDFoNjRTCmtZeVNrT3dxRHJzT2JrL0R2OVJzZGtWeWFSQTZSejJKQUxRakR1dlFLLzdqMUw2LzBCM0lIZW9mNHArRkRnMk0KOXNCM3ZjV1pYYXV1R3c0OENSblh0NUNMMC9pT3o1MUh1Y0ZrTUNDNlk1cm9SRlEyS2Nnc2QyNjJIVW01d05EdAp3Y05SMThDRkdjUkphNFFXd0Q1L0RnckNnTDNGRlRhWmEycU5LTktTSGJrbTNIQ213VEJjYU12eVlvc0pQVndRCkdHYXFpV05DWXBMSk5Qa1ozTFRLL2ljPQotLS0tLUVORCBDRVJUSUZJQ0FURS0tLS0tCg==",
                "client_key": "LS0tLS1CRUdJTiBSU0EgUFJJVkFURSBLRVktLS0tLQpNSUlKS1FJQkFBS0NBZ0VBeEw2V2N4Y1RUSVAzNjlSYitEcm9CeHpuMVg2M0lVS3dhMjE2NHNOMTR2Z3AvZFRrCktOTVpvWGlBZnF1Z2VuZm1DWGt6UUJDT0NMUmJHbUhWdXN4NHc2U1V6WUFTZlN2Mno0enFuRG45cWhWblhCUFEKRnBIbFdVWjVXek43VU9RNVBCVHN0d1oyM01aTzUwbzZYSG96VUtVaGpiOTcvbWdXaUMwck1QZ0ZCTW1DUncydgpoYi9HZFVuRkZzZjhlcEJsdW9ld25JcHFDTVgrWUFpSGU5Y1NGZ3NIUERjMVRzQUUyUmtKTVkzNEtuWU91eUxJCnc1OG5IQzdMZGdiRU1nU2hwZjVBOHBESVp2NFQ2T1JSeHBDNnNUcXB0MmhFemRjUm1NNjRvRmlEVjF1eXdaYzAKM1huUVAzZmNuZUgrY0JnMTcyWHh1NS93QmppbDVqTDgrQXVrYndia3g4eVdtMERkT2Rrb3FOSCtWRkYzd1Z3SQpTKzVYQ3Z0QTFQbXdxdVR2KzRMa1RQYXZ3NWdrVXRGK3NYNDlBZytTTlhJQnQ0TU4weTQwb1JXSWpzT2lxand0CjhhbnI1aklPc3k4TWxLM2ZFbHNIbGE3ZHZnUDBPU25na1dLK2ltODNOMU16VGhGYXdqVXJQS08wclE4SHBLVTUKTDZuS3VTZnNtaUxDWGRHZkVMbktmRFBmSG1UYjJFWXdKTGlyYVhKR3ZOU3BRelYxekVkYXpLdkUzYVY0aTNYOQpoUXVMVG5lUkpOeXlTdlF5R0pUWjM3QnBxU2k0dU5xR0tyUlpXZjdLbWxtbGVHc25IS1FITzVjMjBKbERvRTZDClJ1RWRpVWRkQ1Bmb2hvTUNPaHAvd292eHFoYklId1lMV2FNQjNpUmxiSnphZThySzdPZU9ScnUvU0VzQ0F3RUEKQVFLQ0FnRUF1MnhVSm85MDh3OUV2b1F1bU9xRTMwSEtHTGY5L05GcS91dnNoTmx2RkNrVTE1cFhRQXpaL2RpdApqLzR2Z250MXlOQ000aHJqTTZlY29pVlJWZ0l6aVN6Z0ZHUk5PTEVKRGU5UUVFT3VRcmpoSGZaQjVUNVhIaFRrCnh0emtQTXN0T3U4MEVhYzIxRnFXRC8vR1dSS1FqK0svZENsV0ZhVlMwYWMxM2hCbnQ0ZS9jN0MxNU5Rc1dzOUwKMGNmeDNWQnhtS0JxdnJXZERYNlFOU3ZxNVM2ZExDS1ZZZWUyQUs4cjd5VEtmVXFoZnRHNGRzMU1OQThKVXUvQgpJMDZPMkpkUTVyQ3ZibVEraE43R1dMWW9zT0J1K1NiSlJzOHR2R21GZWV4ME5Vd2MwcnVvTG9POCtMOXlnd1BNClJ4dGpKNlhvdTRhQ0locmFyUktKK0NIYW12RjhVaHlPWlhsS2JYQmRtSG1ialFtVTI2Ym1XQms5SzFNSmZoY0oKTVBTQjVQMm9GZlhQWUcyZmg3SDBSZWJZWXJESHRtdmxOUTVKcENkdnRGOThnUktETnp5VFFPVmxYK2toVXJyZgpWUkN2bStpcHBCZXZ3bXQyYlZkbFp4RThSckQvMVhuNjJHSWZXRHplL2dNalhTUFFmQVEvSVlqSEJOVnQzVmRYClpuSDBRbHo0ZTgxZUxRdDFSVklVZ2QrankrWVNBdjlNMWErUFpSeVZSTVM0MWVVZjJKSHVXZXkzaTdabnMzS2QKWlM3K0YxWFRxK3Q0VkdaQURiSDlnZVFrTDJ3SStKUUw0S2dnTzlPNEFZcEtGdUszdlV3ZXRHKzIrSUdTM1NuMQpnam5oTDJlOTRhT015MldSRUZHa0tuMDhaSHpMSTU3ajQ5M25mYWtUZ1o4L2h4Y3R3QUVDZ2dFQkFObEdWdVJnCjE5VWNqYllTZzhWbmJ3Y0RHamw5eXlOR0hjTmdwSmhiVyt1WGt4M0JPK3BSczkrejJONUpsamZmT3BhKytMWnkKcUczb0MvQ1VJQ0d0Qml6Qkp2eEFCbjlqeVlBcmZvd2pXZWc5NHRlekxpOEVqejNpU1ltTGRFZ0pzV25DdncycAp4NWx2ejlvb2d4OUVWOTZVSDNidnducW5PMWpIMU16N2ZleHkrbyt1VjR2c2RsU0p2N2krcmRDM1ZaYTIyK1AvCndGd0VqNWdMZEppVnVrZE5tRlE2OWJrY0N6a1QyTVczNlJMSEVEb3FnU0o5ck8wWktsOUE2WUZ3LytUUWNRZ2kKMGhDUm5JVG1vNStDYmRKckN6dEorc0N5eTNEZUpDM0NqMkRRb2JML1ZnUm1YSWxmM0NjbTdVZzdybzdtdEY4OQo2Rkp2QmNZbVVQWmt2VXNDZ2dFQkFPZlBnYzFnZ3dRTU4wTENJOWppRDIyYzhKM3RTZ0tkcGx3eFB6ZUhseVRhCjR0TzZxT0JIaVVqc1lHSVhTQnpjSEFac2ZmOW05bm0xTnBSc0EvbDdjY0pGSFhVTHJyOTBrL3dVdlV2bGdRRHEKZTNzYzdMTzFJTTdxY2xyR1lwZjlZZ2p1U3dQVklNcmhwc1JlMWhlOHMxRURMVHdIZ0RtUEpFeWhrSzM1a2tiUgpMelBZTW1UalBFNXBHNTU2VnZyODlvYVo1V3FLTW44d2l1blhiNUljWWtjdFExTUdiYzRYTFZyRFJMRGhLY1VwCmF3Z0FsNEhsdklVT3ZzTUZKRVBka3N4cE55VW45dGFBS0JFcnZmZWxDSjNLelhBMFU4U0ZIdk1udDVheXVJSHQKRUJENDBWdTdvYVppb29VK2o0eFBMQ0dhQUVVczdqUHMrNFhwY1duUHdRRUNnZ0VCQUxLUmtyeGpzejhkRm9LNwpPTDAyd3hNNlE0VllrMmxNS1EzNEVZNStGMC9LNVVnaEZnTUFYeHJOanNFeUxWbUNCMzc1T1NPSm5FK24xSmhHCnhSbW9RRmpyN2dTSEFsQVVUUGtmeGdPYTBqdURFVHBCc3dWRmRBeGlQQm5sR1E1VG1SSFkwbmlDUHQ4bCsrZksKUCtta202cjhoZGVVT1h2Z2tXL24zRWNUc214d0d1bVhXYkJRQ1BoMXRiSTZWRlFqT1I2QzdybTE2ZncyYTJXRQpsTEVLN1d2SXBCY2wxZW5xMkhaeWowZ0FYSGZvVHJmZlV2NXIxNEdObXp0cDkvOUFSYTlpZUdNOWF2UGZHSXBKCm05UnV0NSttQmpjV0dCWGpYRHhJOWViOTdpU2RreWV2bnB4REhHNXk4RmJsTVVLYWVsNUwwWll0SlJFSzJlMysKYzYvdEgzMENnZ0VBZjE3cmFaZkFKWGM0M2Z1aWlzY2J4eFRXdVUvcXZLazNBYTBsbVROdGZ4aXVUYnhna210OApLWStJSGgzQXgrckJrMTRGbFZKVDErZ1VSMVZha2JpY2R5eFcxVHRJRjNiTTRWUGI5MW54bWprOUJCYU9rT2ZUClVSNU5HMGVxWU8wZTh0MU1acHl5MmdkSEJOcy9NK2ZCZDZBUk9NeStUZUl6QmRBNG1QOXF1bkt5UndCaUlFRWoKbjhudEhSVUh1ZjFJMEFpN24rQ3pnbU4vMEtGSmNyVVo0eFloeWZyY1ZzTXhibytnckxmcnBhUHVaWVU5dW1ncgpQOGtzVkNmOUZ6VW1OaDhSNTk2ZnFKamVheURuenF6bG9SNFA1N2s0MWVCM2N3Kzl0cFlZLzNyc3V3YWNzcFRVCmE0SUMzc2ZUUkRzMGVub043L1NTSmdIdTZsT3N0NEVxQVFLQ0FRQXk2bnFTbGR1R213dEExanVlOGVqR1JRaHMKL1BKeDVqd3JOZjdsL0U3OEZ3akkwUFJQaWYyNXBDL2hzdGdhTkNSanJqREZKRXo4R2UyUEtSOEtYWVFRYnMyMwpKd2RXcURIdUxEdnRNU2Q5R3JOS2xsaFc1YytBeGFVazRIeFhGVVU3cWFjNmpkRXlnVmhzNUVsaHNRYnBXMHRPCm55R1VzUnhnUWVRWDd1VjNvKzlQNHNuWTRuQmFlbXMrTWRSMS9nRjN3b1ZpdjFNQXJNeGgzclpIdVQzZWloWG8KeDVkS1lQRk52Y2loK290bmVFejhrU0tHcVQxRVVSTlhNcGRjZUdqYVVHSEFML2NUcElXSGxGK1hKa0h3U2M5ZgpLcU1oQVVHWEwxT3hZUWZoRFpIMk53b2swOU8zU3BlRjFQODV4NDFtZUE1M3FXa2NZdHBDY0hWbDlVNGMKLS0tLS1FTkQgUlNBIFBSSVZBVEUgS0VZLS0tLS0K",
                "cluster_ca_certificate": "LS0tLS1CRUdJTiBDRVJUSUZJQ0FURS0tLS0tCk1JSUU2RENDQXRDZ0F3SUJBZ0lRREhsOGUwSTUwTEdCb1BoNEZ2VExrREFOQmdrcWhraUc5dzBCQVFzRkFEQU4KTVFzd0NRWURWUVFERXdKallUQWdGdzB5TWpFeU1UVXdOakEzTUROYUdBOHlNRFV5TVRJeE5UQTJNVGN3TTFvdwpEVEVMTUFrR0ExVUVBeE1DWTJFd2dnSWlNQTBHQ1NxR1NJYjNEUUVCQVFVQUE0SUNEd0F3Z2dJS0FvSUNBUURLClNsYXQxUXFFNXN1L0pCYUxET0lSUTlYd3lsbWRTRVJ1QUtMRzY4WFY2aXVjL1FFN1AvTDRrTUxzRnBKN0sxOEYKNEIyUkh1emZFUm0vNDFoazdsMmc0czdHRDZXZkpadnFvVjl5TXR6dFlaYVZpblJ4S3JZM2NseGNrcWpMdWxMbgozTC9CMGNjOVlmS243MGxJNHdmK1pnL1FNQnpuT3ZnK24rWkpYbHowSHVIVnBDcFVkZTBUcnBUZXBkcE5lM2h2CnZBUWxQK3lObk5HOGptL2ZGbGZweFcrb0xDRnpTMXozTWpYNi9ObWtob3BRYzJJOXdmQ21Lcm51Tmo3Q0U3YUsKRUdwZml4bmZ3bkthUCtBelc0ejNndm9xM0xyVVc0OFBSYWhnYkVBQnhCTkl0eXRuTGlqbTZrT0djcU1qbEtHVgo3Qkk4d2FoeEZaRVA4UTFJK3ZtZE5yR0FuRXNTR1Boa3lNOGhrSmpnTnZtN3UyTjNqUEN1czFJRE02QzBXVW1zCjNudlROUmgrb3hPRWJ4cWRjSTMvVjdrZ1Y2MFVTb0ptL0hUbDdTTEtiUTFvK1IrRVh4eCtJVzk1M1daN1phWUEKcXFVM3lVdWRWRDdNZzVtRGJzOTlTbExJRGhOOFJUYUxDbEZHdi85eWJiaHNScWRSZHE1amhickJMQnBDN3p4dwp5bmd3bHp4bXEvdUtWVDV5d1hVWDBCVXdGOXRRU2dOQnd6ZWs0Z2NUOWQra21ReVNXTUNvZ1hrS1gzaVFOeVJlCm9GSkVKc3QxcGwyV3loY0hpTzdYRkdYTU55RFlIQlVFanI1ajZubHlkNnNQK29MRmlidTFraXVFa1dzQXdUSHYKTkxVdzdmSTZpcnR0RWl6V1dHZmF5ZVhvdStma0RaSW5ZUTIzZDVsRkFRSURBUUFCbzBJd1FEQU9CZ05WSFE4QgpBZjhFQkFNQ0FxUXdEd1lEVlIwVEFRSC9CQVV3QXdFQi96QWRCZ05WSFE0RUZnUVVic2hzZXFWLzlLTVU1YnRnCmpESmNYcDZqaytvd0RRWUpLb1pJaHZjTkFRRUxCUUFEZ2dJQkFLR1pMd084emJ2OEM5dWY4TGU1dG5vVHcxdU8KSU1QcWIxQ2JUNHpTb3hYYUpmakJtMEtJME1nUlVjU2dlNkdZbUtyY1A5UmdRcGVDSzdoMFlSckxCSndyS242WgpvUUhWeW9MZHIyU1lsYzlMTGVVR2FCbVVUSzVQM0djUjhhSS9icERtRVVKb0RBZmpRUDZ6Q0lwZDErKzlCbnNXClBibkdXbWIrUi9nN0VHUk5rbWNPc1FubTBSWFBTUE8yTlBkbzVrMjJMeEpJOHVrYTFQVnV5T0QwaEhjbE1vMnAKek1uVWhPbXRRTS93RW51K1RhaDdwcGlHc2cybU1raFUzOXhPQXliaGhvWEFXdEd4YlZIZVo4T2IvMU1zTWlkcQp2MVcyZ29aWm9CZXBVemVuTWxHb1NOQTVlMXR2SmN0Z0QzSGNnZFl2dU40NFcrZWhtZUFCcC82NktLV0F0WUZMClEzYTRVZm1sWlJYZ3hSaEcrQ1I1SUVXZ0pxbk9PM2VmOEkwUTdMcmIvckprdSs5aTRNUEhBaXBLKzVtUTVoa1IKREFOZkZLODY3MmJEdjJodUZsbkxhWXpkeWdoOWYvMVFWdEtyQzU0Vi9SOHQ0a1M4NUpTMDNrekVLcm1NN2JXLwoxRHorU05MSWtVYS9XeHAybmRNTlRKdmR6WW9aaWVYanV3OUdFNjZTMWZkN3JadEVMSWdMMjUvWWFNY2d6MS9LCmtDcCtrTlBLdmtGWncvY0hsdUlWRHZVUkovMjFBKzN3ZjljSGFLMGZYNkdkVGpmT25rbThJOEhUeGlvRjU1clEKcnduU25KYzBsMG9aRU5yUGc1NUJBNFhCdlR6UndXVytZbmhKUzNOTjdyT290UmRNbW5aM01zZ0tCRmtFU0d3SwpyMlVnTXl5R05uUEJSMXVhCi0tLS0tRU5EIENFUlRJRklDQVRFLS0tLS0K",
                "host": "https://appaks-e309f0ce.hcp.eastus.azmk8s.io:443",
                "password": "58ee7bbf8c382172d58dfddfce820bea3d84e11202f1c8afa359719c0fbf60a02b21dbee502ba57b9336e85c05f510c66627bce0f26ba9305c8020ca67d77f99",
                "username": "clusterUser_the-book-boutique-rg_the-book-boutique-aks"
              }
            ],
            "kube_config_raw": "apiVersion: v1\nclusters:\n- cluster:\n    certificate-authority-data: LS0tLS1CRUdJTiBDRVJUSUZJQ0FURS0tLS0tCk1JSUU2RENDQXRDZ0F3SUJBZ0lRREhsOGUwSTUwTEdCb1BoNEZ2VExrREFOQmdrcWhraUc5dzBCQVFzRkFEQU4KTVFzd0NRWURWUVFERXdKallUQWdGdzB5TWpFeU1UVXdOakEzTUROYUdBOHlNRFV5TVRJeE5UQTJNVGN3TTFvdwpEVEVMTUFrR0ExVUVBeE1DWTJFd2dnSWlNQTBHQ1NxR1NJYjNEUUVCQVFVQUE0SUNEd0F3Z2dJS0FvSUNBUURLClNsYXQxUXFFNXN1L0pCYUxET0lSUTlYd3lsbWRTRVJ1QUtMRzY4WFY2aXVjL1FFN1AvTDRrTUxzRnBKN0sxOEYKNEIyUkh1emZFUm0vNDFoazdsMmc0czdHRDZXZkpadnFvVjl5TXR6dFlaYVZpblJ4S3JZM2NseGNrcWpMdWxMbgozTC9CMGNjOVlmS243MGxJNHdmK1pnL1FNQnpuT3ZnK24rWkpYbHowSHVIVnBDcFVkZTBUcnBUZXBkcE5lM2h2CnZBUWxQK3lObk5HOGptL2ZGbGZweFcrb0xDRnpTMXozTWpYNi9ObWtob3BRYzJJOXdmQ21Lcm51Tmo3Q0U3YUsKRUdwZml4bmZ3bkthUCtBelc0ejNndm9xM0xyVVc0OFBSYWhnYkVBQnhCTkl0eXRuTGlqbTZrT0djcU1qbEtHVgo3Qkk4d2FoeEZaRVA4UTFJK3ZtZE5yR0FuRXNTR1Boa3lNOGhrSmpnTnZtN3UyTjNqUEN1czFJRE02QzBXVW1zCjNudlROUmgrb3hPRWJ4cWRjSTMvVjdrZ1Y2MFVTb0ptL0hUbDdTTEtiUTFvK1IrRVh4eCtJVzk1M1daN1phWUEKcXFVM3lVdWRWRDdNZzVtRGJzOTlTbExJRGhOOFJUYUxDbEZHdi85eWJiaHNScWRSZHE1amhickJMQnBDN3p4dwp5bmd3bHp4bXEvdUtWVDV5d1hVWDBCVXdGOXRRU2dOQnd6ZWs0Z2NUOWQra21ReVNXTUNvZ1hrS1gzaVFOeVJlCm9GSkVKc3QxcGwyV3loY0hpTzdYRkdYTU55RFlIQlVFanI1ajZubHlkNnNQK29MRmlidTFraXVFa1dzQXdUSHYKTkxVdzdmSTZpcnR0RWl6V1dHZmF5ZVhvdStma0RaSW5ZUTIzZDVsRkFRSURBUUFCbzBJd1FEQU9CZ05WSFE4QgpBZjhFQkFNQ0FxUXdEd1lEVlIwVEFRSC9CQVV3QXdFQi96QWRCZ05WSFE0RUZnUVVic2hzZXFWLzlLTVU1YnRnCmpESmNYcDZqaytvd0RRWUpLb1pJaHZjTkFRRUxCUUFEZ2dJQkFLR1pMd084emJ2OEM5dWY4TGU1dG5vVHcxdU8KSU1QcWIxQ2JUNHpTb3hYYUpmakJtMEtJME1nUlVjU2dlNkdZbUtyY1A5UmdRcGVDSzdoMFlSckxCSndyS242WgpvUUhWeW9MZHIyU1lsYzlMTGVVR2FCbVVUSzVQM0djUjhhSS9icERtRVVKb0RBZmpRUDZ6Q0lwZDErKzlCbnNXClBibkdXbWIrUi9nN0VHUk5rbWNPc1FubTBSWFBTUE8yTlBkbzVrMjJMeEpJOHVrYTFQVnV5T0QwaEhjbE1vMnAKek1uVWhPbXRRTS93RW51K1RhaDdwcGlHc2cybU1raFUzOXhPQXliaGhvWEFXdEd4YlZIZVo4T2IvMU1zTWlkcQp2MVcyZ29aWm9CZXBVemVuTWxHb1NOQTVlMXR2SmN0Z0QzSGNnZFl2dU40NFcrZWhtZUFCcC82NktLV0F0WUZMClEzYTRVZm1sWlJYZ3hSaEcrQ1I1SUVXZ0pxbk9PM2VmOEkwUTdMcmIvckprdSs5aTRNUEhBaXBLKzVtUTVoa1IKREFOZkZLODY3MmJEdjJodUZsbkxhWXpkeWdoOWYvMVFWdEtyQzU0Vi9SOHQ0a1M4NUpTMDNrekVLcm1NN2JXLwoxRHorU05MSWtVYS9XeHAybmRNTlRKdmR6WW9aaWVYanV3OUdFNjZTMWZkN3JadEVMSWdMMjUvWWFNY2d6MS9LCmtDcCtrTlBLdmtGWncvY0hsdUlWRHZVUkovMjFBKzN3ZjljSGFLMGZYNkdkVGpmT25rbThJOEhUeGlvRjU1clEKcnduU25KYzBsMG9aRU5yUGc1NUJBNFhCdlR6UndXVytZbmhKUzNOTjdyT290UmRNbW5aM01zZ0tCRmtFU0d3SwpyMlVnTXl5R05uUEJSMXVhCi0tLS0tRU5EIENFUlRJRklDQVRFLS0tLS0K\n    server: https://appaks-e309f0ce.hcp.eastus.azmk8s.io:443\n  name: the-book-boutique-aks\ncontexts:\n- context:\n    cluster: the-book-boutique-aks\n    user: clusterUser_the-book-boutique-rg_the-book-boutique-aks\n  name: the-book-boutique-aks\ncurrent-context: the-book-boutique-aks\nkind: Config\npreferences: {}\nusers:\n- name: clusterUser_the-book-boutique-rg_the-book-boutique-aks\n  user:\n    client-certificate-data: LS0tLS1CRUdJTiBDRVJUSUZJQ0FURS0tLS0tCk1JSUZIVENDQXdXZ0F3SUJBZ0lRUEY4WElzZ3YvSXM0QWpROU0xRGRMekFOQmdrcWhraUc5dzBCQVFzRkFEQU4KTVFzd0NRWURWUVFERXdKallUQWVGdzB5TWpFeU1UVXdOakEzTUROYUZ3MHlOREV5TVRVd05qRTNNRE5hTURBeApGekFWQmdOVkJBb1REbk41YzNSbGJUcHRZWE4wWlhKek1SVXdFd1lEVlFRREV3eHRZWE4wWlhKamJHbGxiblF3CmdnSWlNQTBHQ1NxR1NJYjNEUUVCQVFVQUE0SUNEd0F3Z2dJS0FvSUNBUURFdnBaekZ4Tk1nL2ZyMUZ2NE91Z0gKSE9mVmZyY2hRckJyYlhyaXczWGkrQ245MU9RbzB4bWhlSUIrcTZCNmQrWUplVE5BRUk0SXRGc2FZZFc2ekhqRApwSlROZ0JKOUsvYlBqT3FjT2YycUZXZGNFOUFXa2VWWlJubGJNM3RRNURrOEZPeTNCbmJjeGs3blNqcGNlak5RCnBTR052M3YrYUJhSUxTc3crQVVFeVlKSERhK0Z2OFoxU2NVV3gveDZrR1c2aDdDY2ltb0l4ZjVnQ0lkNzF4SVcKQ3djOE56Vk93QVRaR1FreGpmZ3FkZzY3SXNqRG55Y2NMc3QyQnNReUJLR2wva0R5a01obS9oUG81RkhHa0xxeApPcW0zYUVUTjF4R1l6cmlnV0lOWFc3TEJselRkZWRBL2Q5eWQ0ZjV3R0RYdlpmRzduL0FHT0tYbU12ejRDNlJ2CkJ1VEh6SmFiUU4wNTJTaW8wZjVVVVhmQlhBaEw3bGNLKzBEVStiQ3E1Ty83Z3VSTTlxL0RtQ1JTMFg2eGZqMEMKRDVJMWNnRzNndzNUTGpTaEZZaU93NktxUEMzeHFldm1NZzZ6THd5VXJkOFNXd2VWcnQyK0EvUTVLZUNSWXI2SwpiemMzVXpOT0VWckNOU3M4bzdTdER3ZWtwVGt2cWNxNUoreWFJc0pkMFo4UXVjcDhNOThlWk52WVJqQWt1S3RwCmNrYTgxS2xETlhYTVIxck1xOFRkcFhpTGRmMkZDNHRPZDVFazNMSks5RElZbE5uZnNHbXBLTGk0Mm9ZcXRGbFoKL3NxYVdhVjRheWNjcEFjN2x6YlFtVU9nVG9KRzRSMkpSMTBJOStpR2d3STZHbi9DaS9HcUZzZ2ZCZ3Rab3dIZQpKR1Zzbk5wN3lzcnM1NDVHdTc5SVN3SURBUUFCbzFZd1ZEQU9CZ05WSFE4QkFmOEVCQU1DQmFBd0V3WURWUjBsCkJBd3dDZ1lJS3dZQkJRVUhBd0l3REFZRFZSMFRBUUgvQkFJd0FEQWZCZ05WSFNNRUdEQVdnQlJ1eUd4NnBYLzAKb3hUbHUyQ01NbHhlbnFPVDZqQU5CZ2txaGtpRzl3MEJBUXNGQUFPQ0FnRUFQMk9hd2xYd3QxeHAvQkhFKy9abAp3WmVjN3RjRXJzbWZPa001UG8rRmgxZlRXaTV6WmcyN3JkcGxsRjJVS1h6dnhvK0JTVWpBR1pVQTltOENSbWh1CnhhM1FrNE0yd3BjL1pmaC9QUlN4MlJrMmVjeFZUV2pHVFFBRkNBeU5xU0oraWNSbGlNUFBWRVNXS0k5UmQ1ankKR3VRQy9OaitINVV4QzJhdWpEWlpNK1l6YlAvNjR1dGIyTDg2WFlYdVZjMzVMeDI2SUVFSExsTWZxUnhTZ2JnSgphZk9kTWd4L2JSMW9LT0dBb0ZKUjlTdHBKL28wRjlicW8yblV3b2pYR0o5dUdvY01UZFlHeW5KeHRCWXRJcGZoClI2THFEZFNFSHR1bVo3Y2RJeENpUDNoais2UDZVR1JTWEJQUnExc3hoYWtzUUNZcnRYeTRPNTdBbEovU0ZETVAKL3kyVnV0bHhDb0h4NFZDM3RTQitLUDYySjc5L095czUycDZFbWlEbk9BK3NIVWFESWpaMUZHd0lZcS9LWGVvYgoranZaN0NzOUcxb2MvcVFkWDlyYUV5MEo3R2YyaTB6K0tZbVduUGllR042bDc1UklVeG5OREZrZ3pCTDFoNjRTCmtZeVNrT3dxRHJzT2JrL0R2OVJzZGtWeWFSQTZSejJKQUxRakR1dlFLLzdqMUw2LzBCM0lIZW9mNHArRkRnMk0KOXNCM3ZjV1pYYXV1R3c0OENSblh0NUNMMC9pT3o1MUh1Y0ZrTUNDNlk1cm9SRlEyS2Nnc2QyNjJIVW01d05EdAp3Y05SMThDRkdjUkphNFFXd0Q1L0RnckNnTDNGRlRhWmEycU5LTktTSGJrbTNIQ213VEJjYU12eVlvc0pQVndRCkdHYXFpV05DWXBMSk5Qa1ozTFRLL2ljPQotLS0tLUVORCBDRVJUSUZJQ0FURS0tLS0tCg==\n    client-key-data: LS0tLS1CRUdJTiBSU0EgUFJJVkFURSBLRVktLS0tLQpNSUlKS1FJQkFBS0NBZ0VBeEw2V2N4Y1RUSVAzNjlSYitEcm9CeHpuMVg2M0lVS3dhMjE2NHNOMTR2Z3AvZFRrCktOTVpvWGlBZnF1Z2VuZm1DWGt6UUJDT0NMUmJHbUhWdXN4NHc2U1V6WUFTZlN2Mno0enFuRG45cWhWblhCUFEKRnBIbFdVWjVXek43VU9RNVBCVHN0d1oyM01aTzUwbzZYSG96VUtVaGpiOTcvbWdXaUMwck1QZ0ZCTW1DUncydgpoYi9HZFVuRkZzZjhlcEJsdW9ld25JcHFDTVgrWUFpSGU5Y1NGZ3NIUERjMVRzQUUyUmtKTVkzNEtuWU91eUxJCnc1OG5IQzdMZGdiRU1nU2hwZjVBOHBESVp2NFQ2T1JSeHBDNnNUcXB0MmhFemRjUm1NNjRvRmlEVjF1eXdaYzAKM1huUVAzZmNuZUgrY0JnMTcyWHh1NS93QmppbDVqTDgrQXVrYndia3g4eVdtMERkT2Rrb3FOSCtWRkYzd1Z3SQpTKzVYQ3Z0QTFQbXdxdVR2KzRMa1RQYXZ3NWdrVXRGK3NYNDlBZytTTlhJQnQ0TU4weTQwb1JXSWpzT2lxand0CjhhbnI1aklPc3k4TWxLM2ZFbHNIbGE3ZHZnUDBPU25na1dLK2ltODNOMU16VGhGYXdqVXJQS08wclE4SHBLVTUKTDZuS3VTZnNtaUxDWGRHZkVMbktmRFBmSG1UYjJFWXdKTGlyYVhKR3ZOU3BRelYxekVkYXpLdkUzYVY0aTNYOQpoUXVMVG5lUkpOeXlTdlF5R0pUWjM3QnBxU2k0dU5xR0tyUlpXZjdLbWxtbGVHc25IS1FITzVjMjBKbERvRTZDClJ1RWRpVWRkQ1Bmb2hvTUNPaHAvd292eHFoYklId1lMV2FNQjNpUmxiSnphZThySzdPZU9ScnUvU0VzQ0F3RUEKQVFLQ0FnRUF1MnhVSm85MDh3OUV2b1F1bU9xRTMwSEtHTGY5L05GcS91dnNoTmx2RkNrVTE1cFhRQXpaL2RpdApqLzR2Z250MXlOQ000aHJqTTZlY29pVlJWZ0l6aVN6Z0ZHUk5PTEVKRGU5UUVFT3VRcmpoSGZaQjVUNVhIaFRrCnh0emtQTXN0T3U4MEVhYzIxRnFXRC8vR1dSS1FqK0svZENsV0ZhVlMwYWMxM2hCbnQ0ZS9jN0MxNU5Rc1dzOUwKMGNmeDNWQnhtS0JxdnJXZERYNlFOU3ZxNVM2ZExDS1ZZZWUyQUs4cjd5VEtmVXFoZnRHNGRzMU1OQThKVXUvQgpJMDZPMkpkUTVyQ3ZibVEraE43R1dMWW9zT0J1K1NiSlJzOHR2R21GZWV4ME5Vd2MwcnVvTG9POCtMOXlnd1BNClJ4dGpKNlhvdTRhQ0locmFyUktKK0NIYW12RjhVaHlPWlhsS2JYQmRtSG1ialFtVTI2Ym1XQms5SzFNSmZoY0oKTVBTQjVQMm9GZlhQWUcyZmg3SDBSZWJZWXJESHRtdmxOUTVKcENkdnRGOThnUktETnp5VFFPVmxYK2toVXJyZgpWUkN2bStpcHBCZXZ3bXQyYlZkbFp4RThSckQvMVhuNjJHSWZXRHplL2dNalhTUFFmQVEvSVlqSEJOVnQzVmRYClpuSDBRbHo0ZTgxZUxRdDFSVklVZ2QrankrWVNBdjlNMWErUFpSeVZSTVM0MWVVZjJKSHVXZXkzaTdabnMzS2QKWlM3K0YxWFRxK3Q0VkdaQURiSDlnZVFrTDJ3SStKUUw0S2dnTzlPNEFZcEtGdUszdlV3ZXRHKzIrSUdTM1NuMQpnam5oTDJlOTRhT015MldSRUZHa0tuMDhaSHpMSTU3ajQ5M25mYWtUZ1o4L2h4Y3R3QUVDZ2dFQkFObEdWdVJnCjE5VWNqYllTZzhWbmJ3Y0RHamw5eXlOR0hjTmdwSmhiVyt1WGt4M0JPK3BSczkrejJONUpsamZmT3BhKytMWnkKcUczb0MvQ1VJQ0d0Qml6Qkp2eEFCbjlqeVlBcmZvd2pXZWc5NHRlekxpOEVqejNpU1ltTGRFZ0pzV25DdncycAp4NWx2ejlvb2d4OUVWOTZVSDNidnducW5PMWpIMU16N2ZleHkrbyt1VjR2c2RsU0p2N2krcmRDM1ZaYTIyK1AvCndGd0VqNWdMZEppVnVrZE5tRlE2OWJrY0N6a1QyTVczNlJMSEVEb3FnU0o5ck8wWktsOUE2WUZ3LytUUWNRZ2kKMGhDUm5JVG1vNStDYmRKckN6dEorc0N5eTNEZUpDM0NqMkRRb2JML1ZnUm1YSWxmM0NjbTdVZzdybzdtdEY4OQo2Rkp2QmNZbVVQWmt2VXNDZ2dFQkFPZlBnYzFnZ3dRTU4wTENJOWppRDIyYzhKM3RTZ0tkcGx3eFB6ZUhseVRhCjR0TzZxT0JIaVVqc1lHSVhTQnpjSEFac2ZmOW05bm0xTnBSc0EvbDdjY0pGSFhVTHJyOTBrL3dVdlV2bGdRRHEKZTNzYzdMTzFJTTdxY2xyR1lwZjlZZ2p1U3dQVklNcmhwc1JlMWhlOHMxRURMVHdIZ0RtUEpFeWhrSzM1a2tiUgpMelBZTW1UalBFNXBHNTU2VnZyODlvYVo1V3FLTW44d2l1blhiNUljWWtjdFExTUdiYzRYTFZyRFJMRGhLY1VwCmF3Z0FsNEhsdklVT3ZzTUZKRVBka3N4cE55VW45dGFBS0JFcnZmZWxDSjNLelhBMFU4U0ZIdk1udDVheXVJSHQKRUJENDBWdTdvYVppb29VK2o0eFBMQ0dhQUVVczdqUHMrNFhwY1duUHdRRUNnZ0VCQUxLUmtyeGpzejhkRm9LNwpPTDAyd3hNNlE0VllrMmxNS1EzNEVZNStGMC9LNVVnaEZnTUFYeHJOanNFeUxWbUNCMzc1T1NPSm5FK24xSmhHCnhSbW9RRmpyN2dTSEFsQVVUUGtmeGdPYTBqdURFVHBCc3dWRmRBeGlQQm5sR1E1VG1SSFkwbmlDUHQ4bCsrZksKUCtta202cjhoZGVVT1h2Z2tXL24zRWNUc214d0d1bVhXYkJRQ1BoMXRiSTZWRlFqT1I2QzdybTE2ZncyYTJXRQpsTEVLN1d2SXBCY2wxZW5xMkhaeWowZ0FYSGZvVHJmZlV2NXIxNEdObXp0cDkvOUFSYTlpZUdNOWF2UGZHSXBKCm05UnV0NSttQmpjV0dCWGpYRHhJOWViOTdpU2RreWV2bnB4REhHNXk4RmJsTVVLYWVsNUwwWll0SlJFSzJlMysKYzYvdEgzMENnZ0VBZjE3cmFaZkFKWGM0M2Z1aWlzY2J4eFRXdVUvcXZLazNBYTBsbVROdGZ4aXVUYnhna210OApLWStJSGgzQXgrckJrMTRGbFZKVDErZ1VSMVZha2JpY2R5eFcxVHRJRjNiTTRWUGI5MW54bWprOUJCYU9rT2ZUClVSNU5HMGVxWU8wZTh0MU1acHl5MmdkSEJOcy9NK2ZCZDZBUk9NeStUZUl6QmRBNG1QOXF1bkt5UndCaUlFRWoKbjhudEhSVUh1ZjFJMEFpN24rQ3pnbU4vMEtGSmNyVVo0eFloeWZyY1ZzTXhibytnckxmcnBhUHVaWVU5dW1ncgpQOGtzVkNmOUZ6VW1OaDhSNTk2ZnFKamVheURuenF6bG9SNFA1N2s0MWVCM2N3Kzl0cFlZLzNyc3V3YWNzcFRVCmE0SUMzc2ZUUkRzMGVub043L1NTSmdIdTZsT3N0NEVxQVFLQ0FRQXk2bnFTbGR1R213dEExanVlOGVqR1JRaHMKL1BKeDVqd3JOZjdsL0U3OEZ3akkwUFJQaWYyNXBDL2hzdGdhTkNSanJqREZKRXo4R2UyUEtSOEtYWVFRYnMyMwpKd2RXcURIdUxEdnRNU2Q5R3JOS2xsaFc1YytBeGFVazRIeFhGVVU3cWFjNmpkRXlnVmhzNUVsaHNRYnBXMHRPCm55R1VzUnhnUWVRWDd1VjNvKzlQNHNuWTRuQmFlbXMrTWRSMS9nRjN3b1ZpdjFNQXJNeGgzclpIdVQzZWloWG8KeDVkS1lQRk52Y2loK290bmVFejhrU0tHcVQxRVVSTlhNcGRjZUdqYVVHSEFML2NUcElXSGxGK1hKa0h3U2M5ZgpLcU1oQVVHWEwxT3hZUWZoRFpIMk53b2swOU8zU3BlRjFQODV4NDFtZUE1M3FXa2NZdHBDY0hWbDlVNGMKLS0tLS1FTkQgUlNBIFBSSVZBVEUgS0VZLS0tLS0K\n    token: 58ee7bbf8c382172d58dfddfce820bea3d84e11202f1c8afa359719c0fbf60a02b21dbee502ba57b9336e85c05f510c66627bce0f26ba9305c8020ca67d77f99\n",
            "kubelet_identity": [
              {
                "client_id": "f992f751-7b53-401b-a382-3a349c07f9ce",
                "object_id": "697626a8-0d3b-4c8d-b7d7-77e87133db44",
                "user_assigned_identity_id": "/subscriptions/fa4535a6-f0ab-4a8f-be14-0262af39c1f7/resourceGroups/MC_the-book-boutique-rg_the-book-boutique-aks_eastus/providers/Microsoft.ManagedIdentity/userAssignedIdentities/the-book-boutique-aks-agentpool"
              }
            ],
            "kubernetes_version": "1.23.12",
            "linux_profile": [],
            "local_account_disabled": false,
            "location": "eastus",
            "maintenance_window": [],
            "microsoft_defender": [],
            "name": "the-book-boutique-aks",
            "network_profile": [
              {
                "dns_service_ip": "10.0.0.10",
                "docker_bridge_cidr": "172.17.0.1/16",
                "ip_versions": [
                  "IPv4"
                ],
                "load_balancer_profile": [
                  {
                    "effective_outbound_ips": [
                      "/subscriptions/fa4535a6-f0ab-4a8f-be14-0262af39c1f7/resourceGroups/MC_the-book-boutique-rg_the-book-boutique-aks_eastus/providers/Microsoft.Network/publicIPAddresses/3923626d-65e8-49f6-adcb-0147af3a4ee2"
                    ],
                    "idle_timeout_in_minutes": 0,
                    "managed_outbound_ip_count": 1,
                    "managed_outbound_ipv6_count": 0,
                    "outbound_ip_address_ids": [],
                    "outbound_ip_prefix_ids": [],
                    "outbound_ports_allocated": 0
                  }
                ],
                "load_balancer_sku": "standard",
                "nat_gateway_profile": [],
                "network_mode": "",
                "network_plugin": "kubenet",
                "network_policy": "",
                "outbound_type": "loadBalancer",
                "pod_cidr": "10.244.0.0/16",
                "pod_cidrs": [
                  "10.244.0.0/16"
                ],
                "service_cidr": "10.0.0.0/16",
                "service_cidrs": [
                  "10.0.0.0/16"
                ]
              }
            ],
            "node_resource_group": "MC_the-book-boutique-rg_the-book-boutique-aks_eastus",
            "oidc_issuer_enabled": false,
            "oidc_issuer_url": "",
            "oms_agent": [],
            "open_service_mesh_enabled": null,
            "portal_fqdn": "appaks-e309f0ce.portal.hcp.eastus.azmk8s.io",
            "private_cluster_enabled": false,
            "private_cluster_public_fqdn_enabled": false,
            "private_dns_zone_id": null,
            "private_fqdn": "",
            "public_network_access_enabled": true,
            "resource_group_name": "the-book-boutique-rg",
            "role_based_access_control_enabled": true,
            "run_command_enabled": true,
            "service_principal": [],
            "sku_tier": "Free",
            "tags": {
              "Environment": "Development"
            },
            "timeouts": null,
            "web_app_routing": [],
            "windows_profile": [],
            "workload_autoscaler_profile": [],
            "workload_identity_enabled": false
          },
          "sensitive_attributes": [],
          "private": "eyJlMmJmYjczMC1lY2FhLTExZTYtOGY4OC0zNDM2M2JjN2M0YzAiOnsiY3JlYXRlIjo1NDAwMDAwMDAwMDAwLCJkZWxldGUiOjU0MDAwMDAwMDAwMDAsInJlYWQiOjMwMDAwMDAwMDAwMCwidXBkYXRlIjo1NDAwMDAwMDAwMDAwfSwic2NoZW1hX3ZlcnNpb24iOiIyIn0=",
          "dependencies": [
            "azurerm_resource_group.example",
            "azurerm_subnet.aks_subnet",
            "azurerm_virtual_network.vnet"
          ]
        }
      ]
    },
    {
      "mode": "managed",
      "type": "azurerm_linux_virtual_machine",
      "name": "example",
      "provider": "provider[\"registry.terraform.io/hashicorp/azurerm\"]",
      "instances": [
        {
          "schema_version": 0,
          "attributes": {
            "additional_capabilities": [],
            "admin_password": null,
            "admin_ssh_key": [
              {
                "public_key": "ssh-rsa AAAAB3NzaC1yc2EAAAADAQABAAABgQCtahdl0af/NZVyL0t8tMTjQsygYMNLJUe2p/nmon0E6eX9DqjBI42oO255lURzwrk2eP3Qbgp5WqxitR1Ba+YDYJYAa7T9Sh8MHZ75WTfPQxZYvif4omBMuP4fOCitPkg2gjhFFBDRBArvoP+RRHi2iJ2G3Col+PnkpXh2wij5O7/E1dU785ybYGoVCbZBKJhVF8AUAEK8D/LnSODH25w0Fxd637vclBjThHiFEEDFKz7D+iPUZlXobWkTYmGgqTJT7/qagzKBQ4KEvEEim0qwUdAXbL0mUqdyvH7uWGbdjjlqhlRxwthzP7+t3IoELb6Aw/xBGK62jJxxV/syNIfHlUeRcy5ll3d9XEacb94zzU93EfczZbV2sC/6/cu1GkIWOhi4kJj7UFrIckICuBUEpr2bcBCfBCGCy9XIWyeeSzmHyPVGZ4Ycq8NfptgOWNFFQ5umqwUrwB5DyF17CFxLBHxlRudDzOgzZ756oOB9KA9NNmdyp4dEYfvyZUIAJI0= lenovo@DESKTOP-VKBSMHL\r\n",
                "username": "adminuser"
              }
            ],
            "admin_username": "adminuser",
            "allow_extension_operations": true,
            "availability_set_id": "",
            "boot_diagnostics": [
              {
                "storage_account_uri": "https://trnvbjrnvrk.blob.core.windows.net/"
              }
            ],
            "capacity_reservation_group_id": "",
            "computer_name": "the-book-boutique-back-vm",
            "custom_data": null,
            "dedicated_host_group_id": "",
            "dedicated_host_id": "",
            "disable_password_authentication": true,
            "edge_zone": "",
            "encryption_at_host_enabled": false,
            "eviction_policy": "",
            "extensions_time_budget": "PT1H30M",
            "gallery_application": [],
            "id": "/subscriptions/fa4535a6-f0ab-4a8f-be14-0262af39c1f7/resourceGroups/the-book-boutique-rg/providers/Microsoft.Compute/virtualMachines/the-book-boutique-back-vm",
            "identity": [],
            "license_type": "",
            "location": "eastus",
            "max_bid_price": -1,
            "name": "the-book-boutique-back-vm",
            "network_interface_ids": [
              "/subscriptions/fa4535a6-f0ab-4a8f-be14-0262af39c1f7/resourceGroups/the-book-boutique-rg/providers/Microsoft.Network/networkInterfaces/the-book-boutique-nic"
            ],
            "os_disk": [
              {
                "caching": "ReadWrite",
                "diff_disk_settings": [],
                "disk_encryption_set_id": "",
                "disk_size_gb": 30,
                "name": "the-book-boutique-back-vm_OsDisk_1_f5d5a4e651cb4c3d9e5f8c101fa75a81",
                "secure_vm_disk_encryption_set_id": "",
                "security_encryption_type": "",
                "storage_account_type": "Standard_LRS",
                "write_accelerator_enabled": false
              }
            ],
            "patch_assessment_mode": "ImageDefault",
            "patch_mode": "ImageDefault",
            "plan": [],
            "platform_fault_domain": -1,
            "priority": "Regular",
            "private_ip_address": "10.1.1.4",
            "private_ip_addresses": [
              "10.1.1.4"
            ],
            "provision_vm_agent": true,
            "proximity_placement_group_id": "",
            "public_ip_address": "20.232.169.165",
            "public_ip_addresses": [
              "20.232.169.165"
            ],
            "resource_group_name": "the-book-boutique-rg",
            "secret": [],
            "secure_boot_enabled": false,
            "size": "Standard_F2",
            "source_image_id": "",
            "source_image_reference": [
              {
                "offer": "UbuntuServer",
                "publisher": "Canonical",
                "sku": "16.04-LTS",
                "version": "latest"
              }
            ],
            "tags": {},
            "termination_notification": [],
            "timeouts": null,
            "user_data": "",
            "virtual_machine_id": "9cf7308c-f3e5-4acc-84c4-74565d9598e0",
            "virtual_machine_scale_set_id": "",
            "vtpm_enabled": false,
            "zone": ""
          },
          "sensitive_attributes": [],
          "private": "eyJlMmJmYjczMC1lY2FhLTExZTYtOGY4OC0zNDM2M2JjN2M0YzAiOnsiY3JlYXRlIjoyNzAwMDAwMDAwMDAwLCJkZWxldGUiOjI3MDAwMDAwMDAwMDAsInJlYWQiOjMwMDAwMDAwMDAwMCwidXBkYXRlIjoyNzAwMDAwMDAwMDAwfX0=",
          "dependencies": [
            "azurerm_network_interface.example",
            "azurerm_public_ip.example",
            "azurerm_resource_group.example",
            "azurerm_storage_account.my_storage_account",
            "azurerm_subnet.example",
            "azurerm_virtual_network.vnet"
          ]
        }
      ]
    },
    {
      "mode": "managed",
      "type": "azurerm_network_interface",
      "name": "example",
      "provider": "provider[\"registry.terraform.io/hashicorp/azurerm\"]",
      "instances": [
        {
          "schema_version": 0,
          "attributes": {
            "applied_dns_servers": [],
            "dns_servers": [],
            "edge_zone": "",
            "enable_accelerated_networking": false,
            "enable_ip_forwarding": false,
            "id": "/subscriptions/fa4535a6-f0ab-4a8f-be14-0262af39c1f7/resourceGroups/the-book-boutique-rg/providers/Microsoft.Network/networkInterfaces/the-book-boutique-nic",
            "internal_dns_name_label": "",
            "internal_domain_name_suffix": "u1smplbycqiunfboj5t15nzxxd.bx.internal.cloudapp.net",
            "ip_configuration": [
              {
                "gateway_load_balancer_frontend_ip_configuration_id": "",
                "name": "internal",
                "primary": true,
                "private_ip_address": "10.1.1.4",
                "private_ip_address_allocation": "Dynamic",
                "private_ip_address_version": "IPv4",
                "public_ip_address_id": "/subscriptions/fa4535a6-f0ab-4a8f-be14-0262af39c1f7/resourceGroups/the-book-boutique-rg/providers/Microsoft.Network/publicIPAddresses/the-book-boutique-pub-ip-address",
                "subnet_id": "/subscriptions/fa4535a6-f0ab-4a8f-be14-0262af39c1f7/resourceGroups/the-book-boutique-rg/providers/Microsoft.Network/virtualNetworks/the-book-boutique-vnet/subnets/internal"
              }
            ],
            "location": "eastus",
            "mac_address": "00-0D-3A-57-EE-17",
            "name": "the-book-boutique-nic",
            "private_ip_address": "10.1.1.4",
            "private_ip_addresses": [
              "10.1.1.4"
            ],
            "resource_group_name": "the-book-boutique-rg",
            "tags": {},
            "timeouts": null,
            "virtual_machine_id": "/subscriptions/fa4535a6-f0ab-4a8f-be14-0262af39c1f7/resourceGroups/the-book-boutique-rg/providers/Microsoft.Compute/virtualMachines/the-book-boutique-back-vm"
          },
          "sensitive_attributes": [],
          "private": "eyJlMmJmYjczMC1lY2FhLTExZTYtOGY4OC0zNDM2M2JjN2M0YzAiOnsiY3JlYXRlIjoxODAwMDAwMDAwMDAwLCJkZWxldGUiOjE4MDAwMDAwMDAwMDAsInJlYWQiOjMwMDAwMDAwMDAwMCwidXBkYXRlIjoxODAwMDAwMDAwMDAwfX0=",
          "dependencies": [
            "azurerm_public_ip.example",
            "azurerm_resource_group.example",
            "azurerm_subnet.example",
            "azurerm_virtual_network.vnet"
          ]
        }
      ]
    },
    {
      "mode": "managed",
      "type": "azurerm_network_interface_security_group_association",
      "name": "example",
      "provider": "provider[\"registry.terraform.io/hashicorp/azurerm\"]",
      "instances": [
        {
          "schema_version": 0,
          "attributes": {
            "id": "/subscriptions/fa4535a6-f0ab-4a8f-be14-0262af39c1f7/resourceGroups/the-book-boutique-rg/providers/Microsoft.Network/networkInterfaces/the-book-boutique-nic|/subscriptions/fa4535a6-f0ab-4a8f-be14-0262af39c1f7/resourceGroups/the-book-boutique-rg/providers/Microsoft.Network/networkSecurityGroups/the-book-boutique-nsg",
            "network_interface_id": "/subscriptions/fa4535a6-f0ab-4a8f-be14-0262af39c1f7/resourceGroups/the-book-boutique-rg/providers/Microsoft.Network/networkInterfaces/the-book-boutique-nic",
            "network_security_group_id": "/subscriptions/fa4535a6-f0ab-4a8f-be14-0262af39c1f7/resourceGroups/the-book-boutique-rg/providers/Microsoft.Network/networkSecurityGroups/the-book-boutique-nsg",
            "timeouts": null
          },
          "sensitive_attributes": [],
          "private": "eyJlMmJmYjczMC1lY2FhLTExZTYtOGY4OC0zNDM2M2JjN2M0YzAiOnsiY3JlYXRlIjoxODAwMDAwMDAwMDAwLCJkZWxldGUiOjE4MDAwMDAwMDAwMDAsInJlYWQiOjMwMDAwMDAwMDAwMCwidXBkYXRlIjoxODAwMDAwMDAwMDAwfX0=",
          "dependencies": [
            "azurerm_network_interface.example",
            "azurerm_network_security_group.my_terraform_nsg",
            "azurerm_public_ip.example",
            "azurerm_resource_group.example",
            "azurerm_subnet.example",
            "azurerm_virtual_network.vnet"
          ]
        }
      ]
    },
    {
      "mode": "managed",
      "type": "azurerm_network_security_group",
      "name": "my_terraform_nsg",
      "provider": "provider[\"registry.terraform.io/hashicorp/azurerm\"]",
      "instances": [
        {
          "schema_version": 0,
          "attributes": {
            "id": "/subscriptions/fa4535a6-f0ab-4a8f-be14-0262af39c1f7/resourceGroups/the-book-boutique-rg/providers/Microsoft.Network/networkSecurityGroups/the-book-boutique-nsg",
            "location": "eastus",
            "name": "the-book-boutique-nsg",
            "resource_group_name": "the-book-boutique-rg",
            "security_rule": [
              {
                "access": "Allow",
                "description": "",
                "destination_address_prefix": "*",
                "destination_address_prefixes": [],
                "destination_application_security_group_ids": [],
                "destination_port_range": "8080",
                "destination_port_ranges": [],
                "direction": "Inbound",
                "name": "api",
                "priority": 1001,
                "protocol": "Tcp",
                "source_address_prefix": "*",
                "source_address_prefixes": [],
                "source_application_security_group_ids": [],
                "source_port_range": "*",
                "source_port_ranges": []
              }
            ],
            "tags": {},
            "timeouts": null
          },
          "sensitive_attributes": [],
          "private": "eyJlMmJmYjczMC1lY2FhLTExZTYtOGY4OC0zNDM2M2JjN2M0YzAiOnsiY3JlYXRlIjoxODAwMDAwMDAwMDAwLCJkZWxldGUiOjE4MDAwMDAwMDAwMDAsInJlYWQiOjMwMDAwMDAwMDAwMCwidXBkYXRlIjoxODAwMDAwMDAwMDAwfX0=",
          "dependencies": [
            "azurerm_resource_group.example"
          ]
        }
      ]
    },
    {
      "mode": "managed",
      "type": "azurerm_postgresql_database",
      "name": "example",
      "provider": "provider[\"registry.terraform.io/hashicorp/azurerm\"]",
      "instances": [
        {
          "schema_version": 1,
          "attributes": {
            "charset": "UTF8",
            "collation": "English_United States.1252",
            "id": "/subscriptions/fa4535a6-f0ab-4a8f-be14-0262af39c1f7/resourceGroups/the-book-boutique-rg/providers/Microsoft.DBforPostgreSQL/servers/the-book-boutique-server/databases/the-book-boutique-db",
            "name": "the-book-boutique-db",
            "resource_group_name": "the-book-boutique-rg",
            "server_name": "the-book-boutique-server",
            "timeouts": null
          },
          "sensitive_attributes": [],
          "private": "eyJlMmJmYjczMC1lY2FhLTExZTYtOGY4OC0zNDM2M2JjN2M0YzAiOnsiY3JlYXRlIjozNjAwMDAwMDAwMDAwLCJkZWxldGUiOjM2MDAwMDAwMDAwMDAsInJlYWQiOjMwMDAwMDAwMDAwMCwidXBkYXRlIjozNjAwMDAwMDAwMDAwfSwic2NoZW1hX3ZlcnNpb24iOiIxIn0=",
          "dependencies": [
            "azurerm_postgresql_server.example",
            "azurerm_resource_group.example"
          ]
        }
      ]
    },
    {
      "mode": "managed",
      "type": "azurerm_postgresql_server",
      "name": "example",
      "provider": "provider[\"registry.terraform.io/hashicorp/azurerm\"]",
      "instances": [
        {
          "schema_version": 1,
          "attributes": {
            "administrator_login": "shatha",
            "administrator_login_password": "H@Sh1CoR3!",
            "auto_grow_enabled": true,
            "backup_retention_days": 7,
            "create_mode": "Default",
            "creation_source_server_id": null,
            "fqdn": "the-book-boutique-server.postgres.database.azure.com",
            "geo_redundant_backup_enabled": false,
            "id": "/subscriptions/fa4535a6-f0ab-4a8f-be14-0262af39c1f7/resourceGroups/the-book-boutique-rg/providers/Microsoft.DBforPostgreSQL/servers/the-book-boutique-server",
            "identity": [],
            "infrastructure_encryption_enabled": false,
            "location": "eastus",
            "name": "the-book-boutique-server",
            "public_network_access_enabled": true,
            "resource_group_name": "the-book-boutique-rg",
            "restore_point_in_time": null,
            "sku_name": "GP_Gen5_4",
            "ssl_enforcement_enabled": true,
            "ssl_minimal_tls_version_enforced": "TLS1_2",
            "storage_mb": 640000,
            "tags": {},
            "threat_detection_policy": [],
            "timeouts": null,
            "version": "11"
          },
          "sensitive_attributes": [],
          "private": "eyJlMmJmYjczMC1lY2FhLTExZTYtOGY4OC0zNDM2M2JjN2M0YzAiOnsiY3JlYXRlIjozNjAwMDAwMDAwMDAwLCJkZWxldGUiOjM2MDAwMDAwMDAwMDAsInJlYWQiOjMwMDAwMDAwMDAwMCwidXBkYXRlIjozNjAwMDAwMDAwMDAwfSwic2NoZW1hX3ZlcnNpb24iOiIxIn0=",
          "dependencies": [
            "azurerm_resource_group.example"
          ]
        }
      ]
    },
    {
      "mode": "managed",
      "type": "azurerm_private_dns_zone",
      "name": "dnsprivatezone",
      "provider": "provider[\"registry.terraform.io/hashicorp/azurerm\"]",
      "instances": [
        {
          "schema_version": 0,
          "attributes": {
            "id": "/subscriptions/fa4535a6-f0ab-4a8f-be14-0262af39c1f7/resourceGroups/the-book-boutique-rg/providers/Microsoft.Network/privateDnsZones/privatelink.postgres.database.azure.com",
            "max_number_of_record_sets": 25000,
            "max_number_of_virtual_network_links": 1000,
            "max_number_of_virtual_network_links_with_registration": 100,
            "name": "privatelink.postgres.database.azure.com",
            "number_of_record_sets": 2,
            "resource_group_name": "the-book-boutique-rg",
            "soa_record": [
              {
                "email": "azureprivatedns-host.microsoft.com",
                "expire_time": 2419200,
                "fqdn": "privatelink.postgres.database.azure.com.",
                "host_name": "azureprivatedns.net",
                "minimum_ttl": 10,
                "refresh_time": 3600,
                "retry_time": 300,
                "serial_number": 1,
                "tags": {},
                "ttl": 3600
              }
            ],
            "tags": {},
            "timeouts": null
          },
          "sensitive_attributes": [],
          "private": "eyJlMmJmYjczMC1lY2FhLTExZTYtOGY4OC0zNDM2M2JjN2M0YzAiOnsiY3JlYXRlIjoxODAwMDAwMDAwMDAwLCJkZWxldGUiOjE4MDAwMDAwMDAwMDAsInJlYWQiOjMwMDAwMDAwMDAwMCwidXBkYXRlIjoxODAwMDAwMDAwMDAwfX0=",
          "dependencies": [
            "azurerm_resource_group.example"
          ]
        }
      ]
    },
    {
      "mode": "managed",
      "type": "azurerm_private_dns_zone_virtual_network_link",
      "name": "dnszonelink",
      "provider": "provider[\"registry.terraform.io/hashicorp/azurerm\"]",
      "instances": [
        {
          "schema_version": 0,
          "attributes": {
            "id": "/subscriptions/fa4535a6-f0ab-4a8f-be14-0262af39c1f7/resourceGroups/the-book-boutique-rg/providers/Microsoft.Network/privateDnsZones/privatelink.postgres.database.azure.com/virtualNetworkLinks/the-book-boutique-dnszonelink",
            "name": "the-book-boutique-dnszonelink",
            "private_dns_zone_name": "privatelink.postgres.database.azure.com",
            "registration_enabled": false,
            "resource_group_name": "the-book-boutique-rg",
            "tags": {},
            "timeouts": null,
            "virtual_network_id": "/subscriptions/fa4535a6-f0ab-4a8f-be14-0262af39c1f7/resourceGroups/the-book-boutique-rg/providers/Microsoft.Network/virtualNetworks/the-book-boutique-vnet"
          },
          "sensitive_attributes": [],
          "private": "eyJlMmJmYjczMC1lY2FhLTExZTYtOGY4OC0zNDM2M2JjN2M0YzAiOnsiY3JlYXRlIjoxODAwMDAwMDAwMDAwLCJkZWxldGUiOjE4MDAwMDAwMDAwMDAsInJlYWQiOjMwMDAwMDAwMDAwMCwidXBkYXRlIjoxODAwMDAwMDAwMDAwfX0=",
          "dependencies": [
            "azurerm_private_dns_zone.dnsprivatezone",
            "azurerm_resource_group.example",
            "azurerm_virtual_network.vnet"
          ]
        }
      ]
    },
    {
      "mode": "managed",
      "type": "azurerm_private_endpoint",
      "name": "privateendpoint",
      "provider": "provider[\"registry.terraform.io/hashicorp/azurerm\"]",
      "instances": [
        {
          "schema_version": 0,
          "attributes": {
            "custom_dns_configs": [],
            "custom_network_interface_name": "",
            "id": "/subscriptions/fa4535a6-f0ab-4a8f-be14-0262af39c1f7/resourceGroups/the-book-boutique-rg/providers/Microsoft.Network/privateEndpoints/the-book-boutique-db-private-endpoint",
            "ip_configuration": [],
            "location": "eastus",
            "name": "the-book-boutique-db-private-endpoint",
            "network_interface": [
              {
                "id": "/subscriptions/fa4535a6-f0ab-4a8f-be14-0262af39c1f7/resourceGroups/the-book-boutique-rg/providers/Microsoft.Network/networkInterfaces/the-book-boutique-db-private-endpoint.nic.48685193-df06-4b80-af76-52c9c6d9bc88",
                "name": "the-book-boutique-db-private-endpoint.nic.48685193-df06-4b80-af76-52c9c6d9bc88"
              }
            ],
            "private_dns_zone_configs": [
              {
                "id": "/subscriptions/fa4535a6-f0ab-4a8f-be14-0262af39c1f7/resourceGroups/the-book-boutique-rg/providers/Microsoft.Network/privateEndpoints/the-book-boutique-db-private-endpoint/privateDnsZoneGroups/the-book-boutique-privatednszonegroup/privateDnsZoneConfigs/privatelink.postgres.database.azure.com",
                "name": "privatelink.postgres.database.azure.com",
                "private_dns_zone_id": "/subscriptions/fa4535a6-f0ab-4a8f-be14-0262af39c1f7/resourceGroups/the-book-boutique-rg/providers/Microsoft.Network/privateDnsZones/privatelink.postgres.database.azure.com",
                "record_sets": [
                  {
                    "fqdn": "the-book-boutique-server.privatelink.postgres.database.azure.com",
                    "ip_addresses": [
                      "10.1.1.5"
                    ],
                    "name": "the-book-boutique-server",
                    "ttl": 10,
                    "type": "A"
                  }
                ]
              }
            ],
            "private_dns_zone_group": [
              {
                "id": "/subscriptions/fa4535a6-f0ab-4a8f-be14-0262af39c1f7/resourceGroups/the-book-boutique-rg/providers/Microsoft.Network/privateEndpoints/the-book-boutique-db-private-endpoint/privateDnsZoneGroups/the-book-boutique-privatednszonegroup",
                "name": "the-book-boutique-privatednszonegroup",
                "private_dns_zone_ids": [
                  "/subscriptions/fa4535a6-f0ab-4a8f-be14-0262af39c1f7/resourceGroups/the-book-boutique-rg/providers/Microsoft.Network/privateDnsZones/privatelink.postgres.database.azure.com"
                ]
              }
            ],
            "private_service_connection": [
              {
                "is_manual_connection": false,
                "name": "the-book-boutique-privateserviceconnection",
                "private_connection_resource_alias": "",
                "private_connection_resource_id": "/subscriptions/fa4535a6-f0ab-4a8f-be14-0262af39c1f7/resourceGroups/the-book-boutique-rg/providers/Microsoft.DBforPostgreSQL/servers/the-book-boutique-server",
                "private_ip_address": "10.1.1.5",
                "request_message": "",
                "subresource_names": [
                  "postgresqlServer"
                ]
              }
            ],
            "resource_group_name": "the-book-boutique-rg",
            "subnet_id": "/subscriptions/fa4535a6-f0ab-4a8f-be14-0262af39c1f7/resourceGroups/the-book-boutique-rg/providers/Microsoft.Network/virtualNetworks/the-book-boutique-vnet/subnets/internal",
            "tags": {},
            "timeouts": null
          },
          "sensitive_attributes": [],
          "private": "eyJlMmJmYjczMC1lY2FhLTExZTYtOGY4OC0zNDM2M2JjN2M0YzAiOnsiY3JlYXRlIjozNjAwMDAwMDAwMDAwLCJkZWxldGUiOjM2MDAwMDAwMDAwMDAsInJlYWQiOjMwMDAwMDAwMDAwMCwidXBkYXRlIjozNjAwMDAwMDAwMDAwfX0=",
          "dependencies": [
            "azurerm_postgresql_server.example",
            "azurerm_private_dns_zone.dnsprivatezone",
            "azurerm_resource_group.example",
            "azurerm_subnet.example",
            "azurerm_virtual_network.vnet"
          ]
        }
      ]
    },
    {
      "mode": "managed",
      "type": "azurerm_public_ip",
      "name": "example",
      "provider": "provider[\"registry.terraform.io/hashicorp/azurerm\"]",
      "instances": [
        {
          "schema_version": 0,
          "attributes": {
            "allocation_method": "Dynamic",
            "ddos_protection_mode": "VirtualNetworkInherited",
            "ddos_protection_plan_id": null,
            "domain_name_label": null,
            "edge_zone": "",
            "fqdn": null,
            "id": "/subscriptions/fa4535a6-f0ab-4a8f-be14-0262af39c1f7/resourceGroups/the-book-boutique-rg/providers/Microsoft.Network/publicIPAddresses/the-book-boutique-pub-ip-address",
            "idle_timeout_in_minutes": 4,
            "ip_address": "20.232.169.165",
            "ip_tags": {},
            "ip_version": "IPv4",
            "location": "eastus",
            "name": "the-book-boutique-pub-ip-address",
            "public_ip_prefix_id": null,
            "resource_group_name": "the-book-boutique-rg",
            "reverse_fqdn": null,
            "sku": "Basic",
            "sku_tier": "Regional",
            "tags": {
              "environment": "Production"
            },
            "timeouts": null,
            "zones": []
          },
          "sensitive_attributes": [],
          "private": "eyJlMmJmYjczMC1lY2FhLTExZTYtOGY4OC0zNDM2M2JjN2M0YzAiOnsiY3JlYXRlIjoxODAwMDAwMDAwMDAwLCJkZWxldGUiOjE4MDAwMDAwMDAwMDAsInJlYWQiOjMwMDAwMDAwMDAwMCwidXBkYXRlIjoxODAwMDAwMDAwMDAwfX0=",
          "dependencies": [
            "azurerm_resource_group.example"
          ]
        }
      ]
    },
    {
      "mode": "managed",
      "type": "azurerm_resource_group",
      "name": "example",
      "provider": "provider[\"registry.terraform.io/hashicorp/azurerm\"]",
      "instances": [
        {
          "schema_version": 0,
          "attributes": {
            "id": "/subscriptions/fa4535a6-f0ab-4a8f-be14-0262af39c1f7/resourceGroups/the-book-boutique-rg",
            "location": "eastus",
            "name": "the-book-boutique-rg",
            "tags": {},
            "timeouts": null
          },
          "sensitive_attributes": [],
          "private": "eyJlMmJmYjczMC1lY2FhLTExZTYtOGY4OC0zNDM2M2JjN2M0YzAiOnsiY3JlYXRlIjo1NDAwMDAwMDAwMDAwLCJkZWxldGUiOjU0MDAwMDAwMDAwMDAsInJlYWQiOjMwMDAwMDAwMDAwMCwidXBkYXRlIjo1NDAwMDAwMDAwMDAwfX0="
        }
      ]
    },
    {
      "mode": "managed",
      "type": "azurerm_role_assignment",
      "name": "example",
      "provider": "provider[\"registry.terraform.io/hashicorp/azurerm\"]",
      "instances": [
        {
          "schema_version": 0,
          "attributes": {
            "condition": "",
            "condition_version": "",
            "delegated_managed_identity_resource_id": "",
            "description": "",
            "id": "/subscriptions/fa4535a6-f0ab-4a8f-be14-0262af39c1f7/resourceGroups/the-book-boutique-rg/providers/Microsoft.ContainerRegistry/registries/shathacodes/providers/Microsoft.Authorization/roleAssignments/7b84aeb9-a026-1473-fc96-64831facdda5",
            "name": "7b84aeb9-a026-1473-fc96-64831facdda5",
            "principal_id": "697626a8-0d3b-4c8d-b7d7-77e87133db44",
            "principal_type": "ServicePrincipal",
            "role_definition_id": "/subscriptions/fa4535a6-f0ab-4a8f-be14-0262af39c1f7/providers/Microsoft.Authorization/roleDefinitions/7f951dda-4ed3-4680-a7ca-43fe172d538d",
            "role_definition_name": "AcrPull",
            "scope": "/subscriptions/fa4535a6-f0ab-4a8f-be14-0262af39c1f7/resourceGroups/the-book-boutique-rg/providers/Microsoft.ContainerRegistry/registries/shathacodes",
            "skip_service_principal_aad_check": true,
            "timeouts": null
          },
          "sensitive_attributes": [],
          "private": "eyJlMmJmYjczMC1lY2FhLTExZTYtOGY4OC0zNDM2M2JjN2M0YzAiOnsiY3JlYXRlIjoxODAwMDAwMDAwMDAwLCJkZWxldGUiOjE4MDAwMDAwMDAwMDAsInJlYWQiOjMwMDAwMDAwMDAwMCwidXBkYXRlIjoxODAwMDAwMDAwMDAwfX0=",
          "dependencies": [
            "azurerm_container_registry.example",
            "azurerm_kubernetes_cluster.app",
            "azurerm_resource_group.example",
            "azurerm_subnet.aks_subnet",
            "azurerm_virtual_network.vnet"
          ]
        }
      ]
    },
    {
      "mode": "managed",
      "type": "azurerm_storage_account",
      "name": "my_storage_account",
      "provider": "provider[\"registry.terraform.io/hashicorp/azurerm\"]",
      "instances": [
        {
          "schema_version": 3,
          "attributes": {
            "access_tier": "Hot",
            "account_kind": "StorageV2",
            "account_replication_type": "LRS",
            "account_tier": "Standard",
            "allow_nested_items_to_be_public": true,
            "azure_files_authentication": [],
            "blob_properties": [
              {
                "change_feed_enabled": false,
                "change_feed_retention_in_days": 0,
                "container_delete_retention_policy": [],
                "cors_rule": [],
                "default_service_version": "",
                "delete_retention_policy": [],
                "last_access_time_enabled": false,
                "versioning_enabled": false
              }
            ],
            "cross_tenant_replication_enabled": true,
            "custom_domain": [],
            "customer_managed_key": [],
            "default_to_oauth_authentication": false,
            "edge_zone": "",
            "enable_https_traffic_only": true,
            "id": "/subscriptions/fa4535a6-f0ab-4a8f-be14-0262af39c1f7/resourceGroups/the-book-boutique-rg/providers/Microsoft.Storage/storageAccounts/trnvbjrnvrk",
            "identity": [],
            "immutability_policy": [],
            "infrastructure_encryption_enabled": false,
            "is_hns_enabled": false,
            "large_file_share_enabled": null,
            "location": "eastus",
            "min_tls_version": "TLS1_2",
            "name": "trnvbjrnvrk",
            "network_rules": [
              {
                "bypass": [
                  "None"
                ],
                "default_action": "Allow",
                "ip_rules": [],
                "private_link_access": [],
                "virtual_network_subnet_ids": []
              }
            ],
            "nfsv3_enabled": false,
            "primary_access_key": "48N1RR/nkcvvP7wgQ3OnjFd4kBTzkrLn1XsYPRQ3KEu3f6ZQ7X9E03hznqcp7ETiVsj4aAYilq14+ASteUML5A==",
            "primary_blob_connection_string": "DefaultEndpointsProtocol=https;BlobEndpoint=https://trnvbjrnvrk.blob.core.windows.net/;AccountName=trnvbjrnvrk;AccountKey=48N1RR/nkcvvP7wgQ3OnjFd4kBTzkrLn1XsYPRQ3KEu3f6ZQ7X9E03hznqcp7ETiVsj4aAYilq14+ASteUML5A==",
            "primary_blob_endpoint": "https://trnvbjrnvrk.blob.core.windows.net/",
            "primary_blob_host": "trnvbjrnvrk.blob.core.windows.net",
            "primary_connection_string": "DefaultEndpointsProtocol=https;AccountName=trnvbjrnvrk;AccountKey=48N1RR/nkcvvP7wgQ3OnjFd4kBTzkrLn1XsYPRQ3KEu3f6ZQ7X9E03hznqcp7ETiVsj4aAYilq14+ASteUML5A==;EndpointSuffix=core.windows.net",
            "primary_dfs_endpoint": "https://trnvbjrnvrk.dfs.core.windows.net/",
            "primary_dfs_host": "trnvbjrnvrk.dfs.core.windows.net",
            "primary_file_endpoint": "https://trnvbjrnvrk.file.core.windows.net/",
            "primary_file_host": "trnvbjrnvrk.file.core.windows.net",
            "primary_location": "eastus",
            "primary_queue_endpoint": "https://trnvbjrnvrk.queue.core.windows.net/",
            "primary_queue_host": "trnvbjrnvrk.queue.core.windows.net",
            "primary_table_endpoint": "https://trnvbjrnvrk.table.core.windows.net/",
            "primary_table_host": "trnvbjrnvrk.table.core.windows.net",
            "primary_web_endpoint": "https://trnvbjrnvrk.z13.web.core.windows.net/",
            "primary_web_host": "trnvbjrnvrk.z13.web.core.windows.net",
            "public_network_access_enabled": true,
            "queue_encryption_key_type": "Service",
            "queue_properties": [
              {
                "cors_rule": [],
                "hour_metrics": [
                  {
                    "enabled": true,
                    "include_apis": true,
                    "retention_policy_days": 7,
                    "version": "1.0"
                  }
                ],
                "logging": [
                  {
                    "delete": false,
                    "read": false,
                    "retention_policy_days": 0,
                    "version": "1.0",
                    "write": false
                  }
                ],
                "minute_metrics": [
                  {
                    "enabled": false,
                    "include_apis": false,
                    "retention_policy_days": 0,
                    "version": "1.0"
                  }
                ]
              }
            ],
            "resource_group_name": "the-book-boutique-rg",
            "routing": [],
            "sas_policy": [],
            "secondary_access_key": "dzAB/CRi+rs5V17mVqLaSsX8b2TqUbA/6inS5KnugB47TuHR0vluZtTNJ9Ht8OcEYunYiM6SmlWr+ASt4HzjTg==",
            "secondary_blob_connection_string": "",
            "secondary_blob_endpoint": null,
            "secondary_blob_host": null,
            "secondary_connection_string": "DefaultEndpointsProtocol=https;AccountName=trnvbjrnvrk;AccountKey=dzAB/CRi+rs5V17mVqLaSsX8b2TqUbA/6inS5KnugB47TuHR0vluZtTNJ9Ht8OcEYunYiM6SmlWr+ASt4HzjTg==;EndpointSuffix=core.windows.net",
            "secondary_dfs_endpoint": null,
            "secondary_dfs_host": null,
            "secondary_file_endpoint": null,
            "secondary_file_host": null,
            "secondary_location": "",
            "secondary_queue_endpoint": null,
            "secondary_queue_host": null,
            "secondary_table_endpoint": null,
            "secondary_table_host": null,
            "secondary_web_endpoint": null,
            "secondary_web_host": null,
            "sftp_enabled": false,
            "share_properties": [
              {
                "cors_rule": [],
                "retention_policy": [
                  {
                    "days": 7
                  }
                ],
                "smb": []
              }
            ],
            "shared_access_key_enabled": true,
            "static_website": [],
            "table_encryption_key_type": "Service",
            "tags": {},
            "timeouts": null
          },
          "sensitive_attributes": [],
          "private": "eyJlMmJmYjczMC1lY2FhLTExZTYtOGY4OC0zNDM2M2JjN2M0YzAiOnsiY3JlYXRlIjozNjAwMDAwMDAwMDAwLCJkZWxldGUiOjM2MDAwMDAwMDAwMDAsInJlYWQiOjMwMDAwMDAwMDAwMCwidXBkYXRlIjozNjAwMDAwMDAwMDAwfSwic2NoZW1hX3ZlcnNpb24iOiIzIn0=",
          "dependencies": [
            "azurerm_resource_group.example"
          ]
        }
      ]
    },
    {
      "mode": "managed",
      "type": "azurerm_subnet",
      "name": "aks_subnet",
      "provider": "provider[\"registry.terraform.io/hashicorp/azurerm\"]",
      "instances": [
        {
          "schema_version": 0,
          "attributes": {
            "address_prefixes": [
              "10.1.0.0/24"
            ],
            "delegation": [],
            "enforce_private_link_endpoint_network_policies": false,
            "enforce_private_link_service_network_policies": false,
            "id": "/subscriptions/fa4535a6-f0ab-4a8f-be14-0262af39c1f7/resourceGroups/the-book-boutique-rg/providers/Microsoft.Network/virtualNetworks/the-book-boutique-vnet/subnets/aks_subnet",
            "name": "aks_subnet",
            "private_endpoint_network_policies_enabled": true,
            "private_link_service_network_policies_enabled": true,
            "resource_group_name": "the-book-boutique-rg",
            "service_endpoint_policy_ids": [],
            "service_endpoints": [],
            "timeouts": null,
            "virtual_network_name": "the-book-boutique-vnet"
          },
          "sensitive_attributes": [],
          "private": "eyJlMmJmYjczMC1lY2FhLTExZTYtOGY4OC0zNDM2M2JjN2M0YzAiOnsiY3JlYXRlIjoxODAwMDAwMDAwMDAwLCJkZWxldGUiOjE4MDAwMDAwMDAwMDAsInJlYWQiOjMwMDAwMDAwMDAwMCwidXBkYXRlIjoxODAwMDAwMDAwMDAwfX0=",
          "dependencies": [
            "azurerm_resource_group.example",
            "azurerm_virtual_network.vnet"
          ]
        }
      ]
    },
    {
      "mode": "managed",
      "type": "azurerm_subnet",
      "name": "example",
      "provider": "provider[\"registry.terraform.io/hashicorp/azurerm\"]",
      "instances": [
        {
          "schema_version": 0,
          "attributes": {
            "address_prefixes": [
              "10.1.1.0/24"
            ],
            "delegation": [],
            "enforce_private_link_endpoint_network_policies": false,
            "enforce_private_link_service_network_policies": false,
            "id": "/subscriptions/fa4535a6-f0ab-4a8f-be14-0262af39c1f7/resourceGroups/the-book-boutique-rg/providers/Microsoft.Network/virtualNetworks/the-book-boutique-vnet/subnets/internal",
            "name": "internal",
            "private_endpoint_network_policies_enabled": true,
            "private_link_service_network_policies_enabled": true,
            "resource_group_name": "the-book-boutique-rg",
            "service_endpoint_policy_ids": [],
            "service_endpoints": [],
            "timeouts": null,
            "virtual_network_name": "the-book-boutique-vnet"
          },
          "sensitive_attributes": [],
          "private": "eyJlMmJmYjczMC1lY2FhLTExZTYtOGY4OC0zNDM2M2JjN2M0YzAiOnsiY3JlYXRlIjoxODAwMDAwMDAwMDAwLCJkZWxldGUiOjE4MDAwMDAwMDAwMDAsInJlYWQiOjMwMDAwMDAwMDAwMCwidXBkYXRlIjoxODAwMDAwMDAwMDAwfX0=",
          "dependencies": [
            "azurerm_resource_group.example",
            "azurerm_virtual_network.vnet"
          ]
        }
      ]
    },
    {
      "mode": "managed",
      "type": "azurerm_virtual_network",
      "name": "vnet",
      "provider": "provider[\"registry.terraform.io/hashicorp/azurerm\"]",
      "instances": [
        {
          "schema_version": 0,
          "attributes": {
            "address_space": [
              "10.1.0.0/16"
            ],
            "bgp_community": "",
            "ddos_protection_plan": [],
            "dns_servers": [],
            "edge_zone": "",
            "flow_timeout_in_minutes": 0,
            "guid": "acc7e4a6-1438-4611-942e-4fe7bfb737bb",
            "id": "/subscriptions/fa4535a6-f0ab-4a8f-be14-0262af39c1f7/resourceGroups/the-book-boutique-rg/providers/Microsoft.Network/virtualNetworks/the-book-boutique-vnet",
            "location": "eastus",
            "name": "the-book-boutique-vnet",
            "resource_group_name": "the-book-boutique-rg",
            "subnet": [
              {
                "address_prefix": "10.1.0.0/24",
                "id": "/subscriptions/fa4535a6-f0ab-4a8f-be14-0262af39c1f7/resourceGroups/the-book-boutique-rg/providers/Microsoft.Network/virtualNetworks/the-book-boutique-vnet/subnets/aks_subnet",
                "name": "aks_subnet",
                "security_group": ""
              },
              {
                "address_prefix": "10.1.1.0/24",
                "id": "/subscriptions/fa4535a6-f0ab-4a8f-be14-0262af39c1f7/resourceGroups/the-book-boutique-rg/providers/Microsoft.Network/virtualNetworks/the-book-boutique-vnet/subnets/internal",
                "name": "internal",
                "security_group": ""
              }
            ],
            "tags": {},
            "timeouts": null
          },
          "sensitive_attributes": [],
          "private": "eyJlMmJmYjczMC1lY2FhLTExZTYtOGY4OC0zNDM2M2JjN2M0YzAiOnsiY3JlYXRlIjoxODAwMDAwMDAwMDAwLCJkZWxldGUiOjE4MDAwMDAwMDAwMDAsInJlYWQiOjMwMDAwMDAwMDAwMCwidXBkYXRlIjoxODAwMDAwMDAwMDAwfX0=",
          "dependencies": [
            "azurerm_resource_group.example"
          ]
        }
      ]
    },
    {
      "module": "module.basic_setup",
      "mode": "managed",
      "type": "kubernetes_deployment",
      "name": "example",
      "provider": "provider[\"registry.terraform.io/hashicorp/kubernetes\"]",
      "instances": [
        {
          "schema_version": 1,
          "attributes": {
            "id": "default/the-book-boutique",
            "metadata": [
              {
                "annotations": {},
                "generate_name": "",
                "generation": 1,
                "labels": {
                  "app": "the-book-boutique"
                },
                "name": "the-book-boutique",
                "namespace": "default",
                "resource_version": "20147",
                "uid": "a199d3e1-9cb5-4a31-a196-5a1f7cabc579"
              }
            ],
            "spec": [
              {
                "min_ready_seconds": 0,
                "paused": false,
                "progress_deadline_seconds": 600,
                "replicas": "3",
                "revision_history_limit": 10,
                "selector": [
                  {
                    "match_expressions": [],
                    "match_labels": {
                      "app": "the-book-boutique"
                    }
                  }
                ],
                "strategy": [
                  {
                    "rolling_update": [
                      {
                        "max_surge": "25%",
                        "max_unavailable": "25%"
                      }
                    ],
                    "type": "RollingUpdate"
                  }
                ],
                "template": [
                  {
                    "metadata": [
                      {
                        "annotations": {},
                        "generate_name": "",
                        "generation": 0,
                        "labels": {
                          "app": "the-book-boutique"
                        },
                        "name": "",
                        "namespace": "",
                        "resource_version": "",
                        "uid": ""
                      }
                    ],
                    "spec": [
                      {
                        "active_deadline_seconds": 0,
                        "affinity": [],
                        "automount_service_account_token": true,
                        "container": [
                          {
                            "args": [],
                            "command": [],
                            "env": [
                              {
                                "name": "BACKEND_PREFIX_URL",
                                "value": "http://10.1.1.4:8080",
                                "value_from": []
                              }
                            ],
                            "env_from": [],
                            "image": "shathacodes.azurecr.io/bookshopfront:cloud",
                            "image_pull_policy": "IfNotPresent",
                            "lifecycle": [],
                            "liveness_probe": [],
                            "name": "the-book-boutique",
                            "port": [
                              {
                                "container_port": 9000,
                                "host_ip": "",
                                "host_port": 0,
                                "name": "",
                                "protocol": "TCP"
                              }
                            ],
                            "readiness_probe": [],
                            "resources": [
                              {
                                "limits": {
                                  "cpu": "200m",
                                  "memory": "500Mi"
                                },
                                "requests": {}
                              }
                            ],
                            "security_context": [],
                            "startup_probe": [],
                            "stdin": false,
                            "stdin_once": false,
                            "termination_message_path": "/dev/termination-log",
                            "termination_message_policy": "File",
                            "tty": false,
                            "volume_mount": [],
                            "working_dir": ""
                          }
                        ],
                        "dns_config": [],
                        "dns_policy": "ClusterFirst",
                        "enable_service_links": true,
                        "host_aliases": [],
                        "host_ipc": false,
                        "host_network": false,
                        "host_pid": false,
                        "hostname": "",
                        "image_pull_secrets": [],
                        "init_container": [],
                        "node_name": "",
                        "node_selector": {},
                        "priority_class_name": "",
                        "readiness_gate": [],
                        "restart_policy": "Always",
                        "runtime_class_name": "",
                        "security_context": [],
                        "service_account_name": "",
                        "share_process_namespace": false,
                        "subdomain": "",
                        "termination_grace_period_seconds": 30,
                        "toleration": [],
                        "topology_spread_constraint": [],
                        "volume": []
                      }
                    ]
                  }
                ]
              }
            ],
            "timeouts": null,
            "wait_for_rollout": true
          },
          "sensitive_attributes": [],
          "private": "eyJlMmJmYjczMC1lY2FhLTExZTYtOGY4OC0zNDM2M2JjN2M0YzAiOnsiY3JlYXRlIjo2MDAwMDAwMDAwMDAsImRlbGV0ZSI6NjAwMDAwMDAwMDAwLCJ1cGRhdGUiOjYwMDAwMDAwMDAwMH0sInNjaGVtYV92ZXJzaW9uIjoiMSJ9",
          "dependencies": [
            "azurerm_kubernetes_cluster.app",
            "azurerm_linux_virtual_machine.example",
            "azurerm_network_interface.example",
            "azurerm_public_ip.example",
            "azurerm_resource_group.example",
            "azurerm_storage_account.my_storage_account",
            "azurerm_subnet.aks_subnet",
            "azurerm_subnet.example",
            "azurerm_virtual_network.vnet"
          ]
        }
      ]
    },
    {
      "module": "module.basic_setup",
      "mode": "managed",
      "type": "kubernetes_service",
      "name": "test",
      "provider": "provider[\"registry.terraform.io/hashicorp/kubernetes\"]",
      "instances": [
        {
          "schema_version": 1,
          "attributes": {
            "id": "default/the-book-boutique-service",
            "metadata": [
              {
                "annotations": {
                  "service.beta.kubernetes.io/azure-dns-label-name": "bookshop"
                },
                "generate_name": "",
                "generation": 0,
                "labels": {},
                "name": "the-book-boutique-service",
                "namespace": "default",
                "resource_version": "20057",
                "uid": "bcf04023-9975-406d-a5e3-c38ff712dded"
              }
            ],
            "spec": [
              {
                "allocate_load_balancer_node_ports": true,
                "cluster_ip": "10.0.4.209",
                "cluster_ips": [
                  "10.0.4.209"
                ],
                "external_ips": [],
                "external_name": "",
                "external_traffic_policy": "Cluster",
                "health_check_node_port": 0,
                "internal_traffic_policy": "Cluster",
                "ip_families": [
                  "IPv4"
                ],
                "ip_family_policy": "SingleStack",
                "load_balancer_class": "",
                "load_balancer_ip": "",
                "load_balancer_source_ranges": [],
                "port": [
                  {
                    "app_protocol": "",
                    "name": "",
                    "node_port": 31200,
                    "port": 9000,
                    "protocol": "TCP",
                    "target_port": "9000"
                  }
                ],
                "publish_not_ready_addresses": false,
                "selector": {
                  "app": "the-book-boutique"
                },
                "session_affinity": "None",
                "session_affinity_config": [],
                "type": "LoadBalancer"
              }
            ],
            "status": [
              {
                "load_balancer": [
                  {
                    "ingress": [
                      {
                        "hostname": "",
                        "ip": "20.85.171.29"
                      }
                    ]
                  }
                ]
              }
            ],
            "timeouts": null,
            "wait_for_load_balancer": true
          },
          "sensitive_attributes": [],
          "private": "eyJlMmJmYjczMC1lY2FhLTExZTYtOGY4OC0zNDM2M2JjN2M0YzAiOnsiY3JlYXRlIjo2MDAwMDAwMDAwMDB9LCJzY2hlbWFfdmVyc2lvbiI6IjEifQ==",
          "dependencies": [
            "azurerm_kubernetes_cluster.app",
            "azurerm_resource_group.example",
            "azurerm_subnet.aks_subnet",
            "azurerm_virtual_network.vnet"
          ]
        }
      ]
    }
  ]
}
